// !$*UTF8*$!
{
	archiveVersion = 1;
	classes = {
	};
	objectVersion = 46;
	objects = {

/* Begin PBXBuildFile section */
		7615F2761C7597E900ACBD3E /* SwiftyJSON.framework in Frameworks */ = {isa = PBXBuildFile; fileRef = 7615F2671C75973400ACBD3E /* SwiftyJSON.framework */; };
		7615F2771C7597E900ACBD3E /* SwiftyJSON.framework in Embed Frameworks */ = {isa = PBXBuildFile; fileRef = 7615F2671C75973400ACBD3E /* SwiftyJSON.framework */; settings = {ATTRIBUTES = (CodeSignOnCopy, RemoveHeadersOnCopy, ); }; };
		7615F27B1C7597EF00ACBD3E /* Alamofire.framework in Frameworks */ = {isa = PBXBuildFile; fileRef = 7615F24F1C75972800ACBD3E /* Alamofire.framework */; };
		7615F27C1C7597EF00ACBD3E /* Alamofire.framework in Embed Frameworks */ = {isa = PBXBuildFile; fileRef = 7615F24F1C75972800ACBD3E /* Alamofire.framework */; settings = {ATTRIBUTES = (CodeSignOnCopy, RemoveHeadersOnCopy, ); }; };
		7615F2871C75A26700ACBD3E /* doharmony.xcdatamodeld in Sources */ = {isa = PBXBuildFile; fileRef = 7615F2851C75A26700ACBD3E /* doharmony.xcdatamodeld */; };
		765071C81C7D511700798B76 /* test.swift in Sources */ = {isa = PBXBuildFile; fileRef = 765071C71C7D511700798B76 /* test.swift */; };
		765B22FB1C7FF1810089FF48 /* config.swift in Sources */ = {isa = PBXBuildFile; fileRef = 765B22FA1C7FF1810089FF48 /* config.swift */; };
		765B23001C7FF2FC0089FF48 /* Localizable.strings in Resources */ = {isa = PBXBuildFile; fileRef = 765B22FE1C7FF2FC0089FF48 /* Localizable.strings */; };
		765B232B1C7FF94D0089FF48 /* Localize_Swift.framework in Frameworks */ = {isa = PBXBuildFile; fileRef = 765B23281C7FF8AD0089FF48 /* Localize_Swift.framework */; };
		765B232C1C7FF94D0089FF48 /* Localize_Swift.framework in Embed Frameworks */ = {isa = PBXBuildFile; fileRef = 765B23281C7FF8AD0089FF48 /* Localize_Swift.framework */; settings = {ATTRIBUTES = (CodeSignOnCopy, RemoveHeadersOnCopy, ); }; };
		76BF5E5F1C87D50100F5C1C3 /* RecentTableViewCell.swift in Sources */ = {isa = PBXBuildFile; fileRef = 76BF5E5D1C87D50100F5C1C3 /* RecentTableViewCell.swift */; };
		76BF5E601C87D50100F5C1C3 /* RecentTableViewCell.xib in Resources */ = {isa = PBXBuildFile; fileRef = 76BF5E5E1C87D50100F5C1C3 /* RecentTableViewCell.xib */; };
		76BF5E621C87D5FF00F5C1C3 /* tracks.swift in Sources */ = {isa = PBXBuildFile; fileRef = 76BF5E611C87D5FF00F5C1C3 /* tracks.swift */; };
		76BF5E651C87D63000F5C1C3 /* RecentViewController.swift in Sources */ = {isa = PBXBuildFile; fileRef = 76BF5E631C87D63000F5C1C3 /* RecentViewController.swift */; };
		76BF5E661C87D63000F5C1C3 /* RecentViewController.xib in Resources */ = {isa = PBXBuildFile; fileRef = 76BF5E641C87D63000F5C1C3 /* RecentViewController.xib */; };
		76BF5E691C87D65200F5C1C3 /* PopularViewController.swift in Sources */ = {isa = PBXBuildFile; fileRef = 76BF5E671C87D65200F5C1C3 /* PopularViewController.swift */; };
		76BF5E6A1C87D65200F5C1C3 /* PopularViewController.xib in Resources */ = {isa = PBXBuildFile; fileRef = 76BF5E681C87D65200F5C1C3 /* PopularViewController.xib */; };
		76BF5E6D1C87D66A00F5C1C3 /* BestViewController.swift in Sources */ = {isa = PBXBuildFile; fileRef = 76BF5E6B1C87D66A00F5C1C3 /* BestViewController.swift */; };
		76BF5E6E1C87D66A00F5C1C3 /* BestViewController.xib in Resources */ = {isa = PBXBuildFile; fileRef = 76BF5E6C1C87D66A00F5C1C3 /* BestViewController.xib */; };
		76DD6D391C7C2BF300CB5694 /* auth.swift in Sources */ = {isa = PBXBuildFile; fileRef = 76DD6D381C7C2BF300CB5694 /* auth.swift */; };
		DF069ABA1C7D3F1B0004702F /* LocalViewController.swift in Sources */ = {isa = PBXBuildFile; fileRef = DF069AB81C7D3F1B0004702F /* LocalViewController.swift */; };
		DF069ABB1C7D3F1B0004702F /* LocalViewController.xib in Resources */ = {isa = PBXBuildFile; fileRef = DF069AB91C7D3F1B0004702F /* LocalViewController.xib */; };
		DF101BD81C6C14310006B4D3 /* LocalTableViewCell.swift in Sources */ = {isa = PBXBuildFile; fileRef = DF101BD61C6C14310006B4D3 /* LocalTableViewCell.swift */; };
		DF101BD91C6C14310006B4D3 /* LocalTableViewCell.xib in Resources */ = {isa = PBXBuildFile; fileRef = DF101BD71C6C14310006B4D3 /* LocalTableViewCell.xib */; };
		DF101BE61C6C18C00006B4D3 /* LibrariesTableViewController.swift in Sources */ = {isa = PBXBuildFile; fileRef = DF101BE41C6C18C00006B4D3 /* LibrariesTableViewController.swift */; };
		DF101BE71C6C18C00006B4D3 /* LibrariesTableViewController.xib in Resources */ = {isa = PBXBuildFile; fileRef = DF101BE51C6C18C00006B4D3 /* LibrariesTableViewController.xib */; };
		DF101BEB1C6C19080006B4D3 /* ProjectsTableViewController.swift in Sources */ = {isa = PBXBuildFile; fileRef = DF101BE91C6C19080006B4D3 /* ProjectsTableViewController.swift */; };
		DF101BEC1C6C19080006B4D3 /* ProjectsTableViewController.xib in Resources */ = {isa = PBXBuildFile; fileRef = DF101BEA1C6C19080006B4D3 /* ProjectsTableViewController.xib */; };
		DF101BF11C6C197F0006B4D3 /* PopularBestTableViewController.swift in Sources */ = {isa = PBXBuildFile; fileRef = DF101BEF1C6C197F0006B4D3 /* PopularBestTableViewController.swift */; };
		DF101BF21C6C197F0006B4D3 /* PopularBestTableViewController.xib in Resources */ = {isa = PBXBuildFile; fileRef = DF101BF01C6C197F0006B4D3 /* PopularBestTableViewController.xib */; };
		DF101C031C6C46D10006B4D3 /* MyProfileViewController.swift in Sources */ = {isa = PBXBuildFile; fileRef = DF101C011C6C46D10006B4D3 /* MyProfileViewController.swift */; };
		DF101C041C6C46D10006B4D3 /* MyProfileViewController.xib in Resources */ = {isa = PBXBuildFile; fileRef = DF101C021C6C46D10006B4D3 /* MyProfileViewController.xib */; };
		DF16A0B11C754C84006E4019 /* RecordViewController.swift in Sources */ = {isa = PBXBuildFile; fileRef = DF16A0B01C754C84006E4019 /* RecordViewController.swift */; };
		DF4CBD621C7AD37100C3EE36 /* TemplateViewController.swift in Sources */ = {isa = PBXBuildFile; fileRef = DF4CBD601C7AD37100C3EE36 /* TemplateViewController.swift */; };
		DF4CBD631C7AD37100C3EE36 /* TemplateViewController.xib in Resources */ = {isa = PBXBuildFile; fileRef = DF4CBD611C7AD37100C3EE36 /* TemplateViewController.xib */; };
		DF526F571C6D5E63009971FF /* MyFriendsTableViewController.swift in Sources */ = {isa = PBXBuildFile; fileRef = DF526F551C6D5E63009971FF /* MyFriendsTableViewController.swift */; };
		DF526F581C6D5E63009971FF /* MyFriendsTableViewController.xib in Resources */ = {isa = PBXBuildFile; fileRef = DF526F561C6D5E63009971FF /* MyFriendsTableViewController.xib */; };
		DF526F5D1C6D5EB6009971FF /* MyFriendsTableViewCell.swift in Sources */ = {isa = PBXBuildFile; fileRef = DF526F5B1C6D5EB6009971FF /* MyFriendsTableViewCell.swift */; };
		DF526F5E1C6D5EB6009971FF /* MyFriendsTableViewCell.xib in Resources */ = {isa = PBXBuildFile; fileRef = DF526F5C1C6D5EB6009971FF /* MyFriendsTableViewCell.xib */; };
		DF526F611C6D73D1009971FF /* LibrariesTableViewCell.swift in Sources */ = {isa = PBXBuildFile; fileRef = DF526F5F1C6D73D1009971FF /* LibrariesTableViewCell.swift */; };
		DF526F621C6D73D1009971FF /* LibrariesTableViewCell.xib in Resources */ = {isa = PBXBuildFile; fileRef = DF526F601C6D73D1009971FF /* LibrariesTableViewCell.xib */; };
		DF526F731C6D9EBC009971FF /* AllMembersTableViewController.swift in Sources */ = {isa = PBXBuildFile; fileRef = DF526F711C6D9EBC009971FF /* AllMembersTableViewController.swift */; };
		DF526F741C6D9EBC009971FF /* AllMembersTableViewController.xib in Resources */ = {isa = PBXBuildFile; fileRef = DF526F721C6D9EBC009971FF /* AllMembersTableViewController.xib */; };
		DF526F771C6D9FBB009971FF /* AllMembersTableViewCell.swift in Sources */ = {isa = PBXBuildFile; fileRef = DF526F751C6D9FBB009971FF /* AllMembersTableViewCell.swift */; };
		DF526F781C6D9FBB009971FF /* AllMembersTableViewCell.xib in Resources */ = {isa = PBXBuildFile; fileRef = DF526F761C6D9FBB009971FF /* AllMembersTableViewCell.xib */; };
		DF6B70571C7ADD9D00B655B6 /* FollowingsTableViewController.swift in Sources */ = {isa = PBXBuildFile; fileRef = DF6B70551C7ADD9D00B655B6 /* FollowingsTableViewController.swift */; };
		DF6B70581C7ADD9D00B655B6 /* FollowingsTableViewController.xib in Resources */ = {isa = PBXBuildFile; fileRef = DF6B70561C7ADD9D00B655B6 /* FollowingsTableViewController.xib */; };
		DF6B705B1C7ADF2200B655B6 /* FollowingsTableViewCell.swift in Sources */ = {isa = PBXBuildFile; fileRef = DF6B70591C7ADF2200B655B6 /* FollowingsTableViewCell.swift */; };
		DF6B705C1C7ADF2200B655B6 /* FollowingsTableViewCell.xib in Resources */ = {isa = PBXBuildFile; fileRef = DF6B705A1C7ADF2200B655B6 /* FollowingsTableViewCell.xib */; };
		DF6B70601C7AE33900B655B6 /* UserDetailsViewController.swift in Sources */ = {isa = PBXBuildFile; fileRef = DF6B705E1C7AE33900B655B6 /* UserDetailsViewController.swift */; };
		DF6B70611C7AE33900B655B6 /* UserDetailsViewController.xib in Resources */ = {isa = PBXBuildFile; fileRef = DF6B705F1C7AE33900B655B6 /* UserDetailsViewController.xib */; };
		DF6B70641C7AEA0400B655B6 /* UserTracksTableViewCell.swift in Sources */ = {isa = PBXBuildFile; fileRef = DF6B70621C7AEA0400B655B6 /* UserTracksTableViewCell.swift */; };
		DF6B70651C7AEA0400B655B6 /* UserTracksTableViewCell.xib in Resources */ = {isa = PBXBuildFile; fileRef = DF6B70631C7AEA0400B655B6 /* UserTracksTableViewCell.xib */; };
		DFF4CBB41C6B0BD2008973D3 /* AppDelegate.swift in Sources */ = {isa = PBXBuildFile; fileRef = DFF4CBB31C6B0BD2008973D3 /* AppDelegate.swift */; };
		DFF4CBB61C6B0BD2008973D3 /* HomeViewController.swift in Sources */ = {isa = PBXBuildFile; fileRef = DFF4CBB51C6B0BD2008973D3 /* HomeViewController.swift */; };
		DFF4CBB91C6B0BD2008973D3 /* Main.storyboard in Resources */ = {isa = PBXBuildFile; fileRef = DFF4CBB71C6B0BD2008973D3 /* Main.storyboard */; };
		DFF4CBBB1C6B0BD2008973D3 /* Assets.xcassets in Resources */ = {isa = PBXBuildFile; fileRef = DFF4CBBA1C6B0BD2008973D3 /* Assets.xcassets */; };
		DFF4CBBE1C6B0BD2008973D3 /* LaunchScreen.storyboard in Resources */ = {isa = PBXBuildFile; fileRef = DFF4CBBC1C6B0BD2008973D3 /* LaunchScreen.storyboard */; };
		DFF4CBC91C6B0BD2008973D3 /* doharmonyTests.swift in Sources */ = {isa = PBXBuildFile; fileRef = DFF4CBC81C6B0BD2008973D3 /* doharmonyTests.swift */; };
		DFF4CBD41C6B0BD2008973D3 /* doharmonyUITests.swift in Sources */ = {isa = PBXBuildFile; fileRef = DFF4CBD31C6B0BD2008973D3 /* doharmonyUITests.swift */; };
		DFF4CBED1C6B0CF2008973D3 /* CAPSPageMenu.swift in Sources */ = {isa = PBXBuildFile; fileRef = DFF4CBE11C6B0CF2008973D3 /* CAPSPageMenu.swift */; };
		DFF4CBFC1C6B1988008973D3 /* ProfileViewController.swift in Sources */ = {isa = PBXBuildFile; fileRef = DFF4CBFB1C6B1988008973D3 /* ProfileViewController.swift */; };
		DFF4CBFE1C6B1A47008973D3 /* FriendsViewController.swift in Sources */ = {isa = PBXBuildFile; fileRef = DFF4CBFD1C6B1A47008973D3 /* FriendsViewController.swift */; };
		DFF4CC021C6B1BCA008973D3 /* TabBarController.swift in Sources */ = {isa = PBXBuildFile; fileRef = DFF4CC011C6B1BCA008973D3 /* TabBarController.swift */; };
		F648021D1C75AFEE00F6F083 /* PostsTableViewController.swift in Sources */ = {isa = PBXBuildFile; fileRef = F64802151C75AFEE00F6F083 /* PostsTableViewController.swift */; };
		F648021E1C75AFEE00F6F083 /* PostsTableViewController.xib in Resources */ = {isa = PBXBuildFile; fileRef = F64802161C75AFEE00F6F083 /* PostsTableViewController.xib */; };
		F648021F1C75AFEE00F6F083 /* PostsTableViewCell.swift in Sources */ = {isa = PBXBuildFile; fileRef = F64802171C75AFEE00F6F083 /* PostsTableViewCell.swift */; };
		F64802201C75AFEE00F6F083 /* PostsTableViewCell.xib in Resources */ = {isa = PBXBuildFile; fileRef = F64802181C75AFEE00F6F083 /* PostsTableViewCell.xib */; };
		F64802211C75AFEE00F6F083 /* TrackDetailsViewController.swift in Sources */ = {isa = PBXBuildFile; fileRef = F64802191C75AFEE00F6F083 /* TrackDetailsViewController.swift */; };
		F64802221C75AFEE00F6F083 /* TrackDetailsViewController.xib in Resources */ = {isa = PBXBuildFile; fileRef = F648021A1C75AFEE00F6F083 /* TrackDetailsViewController.xib */; };
		F64802231C75AFEE00F6F083 /* CommentTableViewCell.swift in Sources */ = {isa = PBXBuildFile; fileRef = F648021B1C75AFEE00F6F083 /* CommentTableViewCell.swift */; };
		F64802241C75AFEE00F6F083 /* CommentTableViewCell.xib in Resources */ = {isa = PBXBuildFile; fileRef = F648021C1C75AFEE00F6F083 /* CommentTableViewCell.xib */; };
		F6B5FB931C769E6C001B8868 /* LoginViewController.swift in Sources */ = {isa = PBXBuildFile; fileRef = F6B5FB911C769E6C001B8868 /* LoginViewController.swift */; };
		F6B5FB941C769E6C001B8868 /* LoginViewController.xib in Resources */ = {isa = PBXBuildFile; fileRef = F6B5FB921C769E6C001B8868 /* LoginViewController.xib */; };
		F6B5FB981C76B20D001B8868 /* SignUpViewController.swift in Sources */ = {isa = PBXBuildFile; fileRef = F6B5FB961C76B20D001B8868 /* SignUpViewController.swift */; };
		F6B5FB991C76B20D001B8868 /* SignUpViewController.xib in Resources */ = {isa = PBXBuildFile; fileRef = F6B5FB971C76B20D001B8868 /* SignUpViewController.xib */; };
		F6CC205C1C76DAE50033CF70 /* PlayTrackViewController.swift in Sources */ = {isa = PBXBuildFile; fileRef = F6CC205A1C76DAE50033CF70 /* PlayTrackViewController.swift */; };
		F6CC205D1C76DAE50033CF70 /* PlayTrackViewController.xib in Resources */ = {isa = PBXBuildFile; fileRef = F6CC205B1C76DAE50033CF70 /* PlayTrackViewController.xib */; };
		FB4125071C86ADB4007EC0D5 /* ImportViewController.swift in Sources */ = {isa = PBXBuildFile; fileRef = FB4125051C86ADB4007EC0D5 /* ImportViewController.swift */; };
		FB4125081C86ADB4007EC0D5 /* ImportViewController.xib in Resources */ = {isa = PBXBuildFile; fileRef = FB4125061C86ADB4007EC0D5 /* ImportViewController.xib */; };
		FBA1A9EC1C86A417005A8F0B /* Template.swift in Sources */ = {isa = PBXBuildFile; fileRef = FBA1A9E51C86A417005A8F0B /* Template.swift */; };
		FBA1A9ED1C86A417005A8F0B /* Timer.swift in Sources */ = {isa = PBXBuildFile; fileRef = FBA1A9E61C86A417005A8F0B /* Timer.swift */; };
		FBA1A9EE1C86A417005A8F0B /* Capture.swift in Sources */ = {isa = PBXBuildFile; fileRef = FBA1A9E71C86A417005A8F0B /* Capture.swift */; };
		FBA1A9EF1C86A417005A8F0B /* Crop.swift in Sources */ = {isa = PBXBuildFile; fileRef = FBA1A9E81C86A417005A8F0B /* Crop.swift */; };
		FBA1A9F01C86A417005A8F0B /* Merge.swift in Sources */ = {isa = PBXBuildFile; fileRef = FBA1A9E91C86A417005A8F0B /* Merge.swift */; };
		FBA1A9F11C86A417005A8F0B /* CameraRoll.swift in Sources */ = {isa = PBXBuildFile; fileRef = FBA1A9EA1C86A417005A8F0B /* CameraRoll.swift */; };
		FBA1A9F21C86A417005A8F0B /* RecordingData.swift in Sources */ = {isa = PBXBuildFile; fileRef = FBA1A9EB1C86A417005A8F0B /* RecordingData.swift */; };
		FBA1A9F51C86A4F6005A8F0B /* RecordingViewController.xib in Resources */ = {isa = PBXBuildFile; fileRef = FBA1A9F31C86A4F6005A8F0B /* RecordingViewController.xib */; };
		FBA1A9F61C86A4F6005A8F0B /* RecordingViewController.swift in Sources */ = {isa = PBXBuildFile; fileRef = FBA1A9F41C86A4F6005A8F0B /* RecordingViewController.swift */; };
		FBA7EBE01C87C0C8007AC17A /* LocalRecordings.swift in Sources */ = {isa = PBXBuildFile; fileRef = FBA7EBDF1C87C0C8007AC17A /* LocalRecordings.swift */; };
		FBA7EBF01C87D079007AC17A /* tsak.wav in Resources */ = {isa = PBXBuildFile; fileRef = FBA7EBEE1C87D079007AC17A /* tsak.wav */; };
		FBA7EBF11C87D079007AC17A /* tsik.wav in Resources */ = {isa = PBXBuildFile; fileRef = FBA7EBEF1C87D079007AC17A /* tsik.wav */; };
/* End PBXBuildFile section */

/* Begin PBXContainerItemProxy section */
		7615F24E1C75972800ACBD3E /* PBXContainerItemProxy */ = {
			isa = PBXContainerItemProxy;
			containerPortal = 7615F2441C75972800ACBD3E /* Alamofire.xcodeproj */;
			proxyType = 2;
			remoteGlobalIDString = F8111E3319A95C8B0040E7D1;
			remoteInfo = "Alamofire iOS";
		};
		7615F2501C75972800ACBD3E /* PBXContainerItemProxy */ = {
			isa = PBXContainerItemProxy;
			containerPortal = 7615F2441C75972800ACBD3E /* Alamofire.xcodeproj */;
			proxyType = 2;
			remoteGlobalIDString = F8111E3E19A95C8B0040E7D1;
			remoteInfo = "Alamofire iOS Tests";
		};
		7615F2521C75972800ACBD3E /* PBXContainerItemProxy */ = {
			isa = PBXContainerItemProxy;
			containerPortal = 7615F2441C75972800ACBD3E /* Alamofire.xcodeproj */;
			proxyType = 2;
			remoteGlobalIDString = 4DD67C0B1A5C55C900ED2280;
			remoteInfo = "Alamofire OSX";
		};
		7615F2541C75972800ACBD3E /* PBXContainerItemProxy */ = {
			isa = PBXContainerItemProxy;
			containerPortal = 7615F2441C75972800ACBD3E /* Alamofire.xcodeproj */;
			proxyType = 2;
			remoteGlobalIDString = F829C6B21A7A94F100A2CD59;
			remoteInfo = "Alamofire OSX Tests";
		};
		7615F2561C75972800ACBD3E /* PBXContainerItemProxy */ = {
			isa = PBXContainerItemProxy;
			containerPortal = 7615F2441C75972800ACBD3E /* Alamofire.xcodeproj */;
			proxyType = 2;
			remoteGlobalIDString = 4CF626EF1BA7CB3E0011A099;
			remoteInfo = "Alamofire tvOS";
		};
		7615F2581C75972800ACBD3E /* PBXContainerItemProxy */ = {
			isa = PBXContainerItemProxy;
			containerPortal = 7615F2441C75972800ACBD3E /* Alamofire.xcodeproj */;
			proxyType = 2;
			remoteGlobalIDString = 4CF626F81BA7CB3E0011A099;
			remoteInfo = "Alamofire tvOS Tests";
		};
		7615F25A1C75972800ACBD3E /* PBXContainerItemProxy */ = {
			isa = PBXContainerItemProxy;
			containerPortal = 7615F2441C75972800ACBD3E /* Alamofire.xcodeproj */;
			proxyType = 2;
			remoteGlobalIDString = E4202FE01B667AA100C997FB;
			remoteInfo = "Alamofire watchOS";
		};
		7615F2661C75973400ACBD3E /* PBXContainerItemProxy */ = {
			isa = PBXContainerItemProxy;
			containerPortal = 7615F25C1C75973400ACBD3E /* SwiftyJSON.xcodeproj */;
			proxyType = 2;
			remoteGlobalIDString = 2E4FEFDB19575BE100351305;
			remoteInfo = "SwiftyJSON iOS";
		};
		7615F2681C75973400ACBD3E /* PBXContainerItemProxy */ = {
			isa = PBXContainerItemProxy;
			containerPortal = 7615F25C1C75973400ACBD3E /* SwiftyJSON.xcodeproj */;
			proxyType = 2;
			remoteGlobalIDString = 2E4FEFE619575BE100351305;
			remoteInfo = "SwiftyJSON iOS Tests";
		};
		7615F26A1C75973400ACBD3E /* PBXContainerItemProxy */ = {
			isa = PBXContainerItemProxy;
			containerPortal = 7615F25C1C75973400ACBD3E /* SwiftyJSON.xcodeproj */;
			proxyType = 2;
			remoteGlobalIDString = 9C7DFC5B1A9102BD005AA3F7;
			remoteInfo = "SwiftyJSON OSX";
		};
		7615F26C1C75973400ACBD3E /* PBXContainerItemProxy */ = {
			isa = PBXContainerItemProxy;
			containerPortal = 7615F25C1C75973400ACBD3E /* SwiftyJSON.xcodeproj */;
			proxyType = 2;
			remoteGlobalIDString = 9C7DFC651A9102BD005AA3F7;
			remoteInfo = "SwiftyJSON OSX Tests";
		};
		7615F26E1C75973400ACBD3E /* PBXContainerItemProxy */ = {
			isa = PBXContainerItemProxy;
			containerPortal = 7615F25C1C75973400ACBD3E /* SwiftyJSON.xcodeproj */;
			proxyType = 2;
			remoteGlobalIDString = E4D7CCE81B9465A700EE7221;
			remoteInfo = "SwiftyJSON watchOS";
		};
		7615F2701C75973400ACBD3E /* PBXContainerItemProxy */ = {
			isa = PBXContainerItemProxy;
			containerPortal = 7615F25C1C75973400ACBD3E /* SwiftyJSON.xcodeproj */;
			proxyType = 2;
			remoteGlobalIDString = 7236B4F61BAC14150020529B;
			remoteInfo = "SwiftyJSON tvOS";
		};
		7615F2721C75973400ACBD3E /* PBXContainerItemProxy */ = {
			isa = PBXContainerItemProxy;
			containerPortal = 7615F25C1C75973400ACBD3E /* SwiftyJSON.xcodeproj */;
			proxyType = 2;
			remoteGlobalIDString = A8580F741BCF5C5B00DA927B;
			remoteInfo = "SwiftyJSON tvOS Tests";
		};
		7615F2781C7597E900ACBD3E /* PBXContainerItemProxy */ = {
			isa = PBXContainerItemProxy;
			containerPortal = 7615F25C1C75973400ACBD3E /* SwiftyJSON.xcodeproj */;
			proxyType = 1;
			remoteGlobalIDString = 2E4FEFDA19575BE100351305;
			remoteInfo = "SwiftyJSON iOS";
		};
		7615F27D1C7597EF00ACBD3E /* PBXContainerItemProxy */ = {
			isa = PBXContainerItemProxy;
			containerPortal = 7615F2441C75972800ACBD3E /* Alamofire.xcodeproj */;
			proxyType = 1;
			remoteGlobalIDString = F8111E3219A95C8B0040E7D1;
			remoteInfo = "Alamofire iOS";
		};
		765B23271C7FF8AD0089FF48 /* PBXContainerItemProxy */ = {
			isa = PBXContainerItemProxy;
			containerPortal = 765B23221C7FF8AD0089FF48 /* Localize_Swift.xcodeproj */;
			proxyType = 2;
			remoteGlobalIDString = 3433F2361C518AF7003AE34D;
			remoteInfo = Localize_Swift;
		};
		765B23291C7FF8AD0089FF48 /* PBXContainerItemProxy */ = {
			isa = PBXContainerItemProxy;
			containerPortal = 765B23221C7FF8AD0089FF48 /* Localize_Swift.xcodeproj */;
			proxyType = 2;
			remoteGlobalIDString = 3433F2401C518AF7003AE34D;
			remoteInfo = Localize_SwiftTests;
		};
		765B232D1C7FF94D0089FF48 /* PBXContainerItemProxy */ = {
			isa = PBXContainerItemProxy;
			containerPortal = 765B23221C7FF8AD0089FF48 /* Localize_Swift.xcodeproj */;
			proxyType = 1;
			remoteGlobalIDString = 3433F2351C518AF7003AE34D;
			remoteInfo = Localize_Swift;
		};
		DFF4CBC51C6B0BD2008973D3 /* PBXContainerItemProxy */ = {
			isa = PBXContainerItemProxy;
			containerPortal = DFF4CBA81C6B0BD2008973D3 /* Project object */;
			proxyType = 1;
			remoteGlobalIDString = DFF4CBAF1C6B0BD2008973D3;
			remoteInfo = doharmony;
		};
		DFF4CBD01C6B0BD2008973D3 /* PBXContainerItemProxy */ = {
			isa = PBXContainerItemProxy;
			containerPortal = DFF4CBA81C6B0BD2008973D3 /* Project object */;
			proxyType = 1;
			remoteGlobalIDString = DFF4CBAF1C6B0BD2008973D3;
			remoteInfo = doharmony;
		};
/* End PBXContainerItemProxy section */

/* Begin PBXCopyFilesBuildPhase section */
		7615F27A1C7597EA00ACBD3E /* Embed Frameworks */ = {
			isa = PBXCopyFilesBuildPhase;
			buildActionMask = 2147483647;
			dstPath = "";
			dstSubfolderSpec = 10;
			files = (
				7615F2771C7597E900ACBD3E /* SwiftyJSON.framework in Embed Frameworks */,
				765B232C1C7FF94D0089FF48 /* Localize_Swift.framework in Embed Frameworks */,
				7615F27C1C7597EF00ACBD3E /* Alamofire.framework in Embed Frameworks */,
			);
			name = "Embed Frameworks";
			runOnlyForDeploymentPostprocessing = 0;
		};
/* End PBXCopyFilesBuildPhase section */

/* Begin PBXFileReference section */
		7615F2441C75972800ACBD3E /* Alamofire.xcodeproj */ = {isa = PBXFileReference; lastKnownFileType = "wrapper.pb-project"; name = Alamofire.xcodeproj; path = Alamofire/Alamofire.xcodeproj; sourceTree = "<group>"; };
		7615F25C1C75973400ACBD3E /* SwiftyJSON.xcodeproj */ = {isa = PBXFileReference; lastKnownFileType = "wrapper.pb-project"; name = SwiftyJSON.xcodeproj; path = SwiftyJSON/SwiftyJSON.xcodeproj; sourceTree = "<group>"; };
		7615F2861C75A26700ACBD3E /* doharmony.xcdatamodel */ = {isa = PBXFileReference; lastKnownFileType = wrapper.xcdatamodel; path = doharmony.xcdatamodel; sourceTree = "<group>"; };
		765071C71C7D511700798B76 /* test.swift */ = {isa = PBXFileReference; fileEncoding = 4; lastKnownFileType = sourcecode.swift; path = test.swift; sourceTree = "<group>"; };
		765B22FA1C7FF1810089FF48 /* config.swift */ = {isa = PBXFileReference; fileEncoding = 4; lastKnownFileType = sourcecode.swift; path = config.swift; sourceTree = "<group>"; };
		765B22FF1C7FF2FC0089FF48 /* en */ = {isa = PBXFileReference; lastKnownFileType = text.plist.strings; name = en; path = Locale/en.lproj/Localizable.strings; sourceTree = "<group>"; };
		765B23011C7FF3110089FF48 /* ar */ = {isa = PBXFileReference; lastKnownFileType = text.plist.strings; name = ar; path = Locale/ar.lproj/Localizable.strings; sourceTree = "<group>"; };
		765B23021C7FF3310089FF48 /* ca */ = {isa = PBXFileReference; lastKnownFileType = text.plist.strings; name = ca; path = Locale/ca.lproj/Localizable.strings; sourceTree = "<group>"; };
		765B23031C7FF34D0089FF48 /* cs */ = {isa = PBXFileReference; lastKnownFileType = text.plist.strings; name = cs; path = Locale/cs.lproj/Localizable.strings; sourceTree = "<group>"; };
		765B23041C7FF3660089FF48 /* da */ = {isa = PBXFileReference; lastKnownFileType = text.plist.strings; name = da; path = Locale/da.lproj/Localizable.strings; sourceTree = "<group>"; };
		765B23051C7FF3840089FF48 /* de */ = {isa = PBXFileReference; lastKnownFileType = text.plist.strings; name = de; path = Locale/de.lproj/Localizable.strings; sourceTree = "<group>"; };
		765B23061C7FF3AD0089FF48 /* el */ = {isa = PBXFileReference; lastKnownFileType = text.plist.strings; name = el; path = Locale/el.lproj/Localizable.strings; sourceTree = "<group>"; };
		765B23071C7FF3C30089FF48 /* es-MX */ = {isa = PBXFileReference; lastKnownFileType = text.plist.strings; name = "es-MX"; path = "Locale/es-MX.lproj/Localizable.strings"; sourceTree = "<group>"; };
		765B23081C7FF3D10089FF48 /* es */ = {isa = PBXFileReference; lastKnownFileType = text.plist.strings; name = es; path = Locale/es.lproj/Localizable.strings; sourceTree = "<group>"; };
		765B23091C7FF3DD0089FF48 /* fi */ = {isa = PBXFileReference; lastKnownFileType = text.plist.strings; name = fi; path = Locale/fi.lproj/Localizable.strings; sourceTree = "<group>"; };
		765B230A1C7FF3E90089FF48 /* fr */ = {isa = PBXFileReference; lastKnownFileType = text.plist.strings; name = fr; path = Locale/fr.lproj/Localizable.strings; sourceTree = "<group>"; };
		765B230B1C7FF3F90089FF48 /* he */ = {isa = PBXFileReference; lastKnownFileType = text.plist.strings; name = he; path = Locale/he.lproj/Localizable.strings; sourceTree = "<group>"; };
		765B230C1C7FF4030089FF48 /* hr */ = {isa = PBXFileReference; lastKnownFileType = text.plist.strings; name = hr; path = Locale/hr.lproj/Localizable.strings; sourceTree = "<group>"; };
		765B230D1C7FF4120089FF48 /* hu */ = {isa = PBXFileReference; lastKnownFileType = text.plist.strings; name = hu; path = Locale/hu.lproj/Localizable.strings; sourceTree = "<group>"; };
		765B230E1C7FF41B0089FF48 /* id */ = {isa = PBXFileReference; lastKnownFileType = text.plist.strings; name = id; path = Locale/id.lproj/Localizable.strings; sourceTree = "<group>"; };
		765B230F1C7FF42A0089FF48 /* it */ = {isa = PBXFileReference; lastKnownFileType = text.plist.strings; name = it; path = Locale/it.lproj/Localizable.strings; sourceTree = "<group>"; };
		765B23101C7FF43A0089FF48 /* ja */ = {isa = PBXFileReference; lastKnownFileType = text.plist.strings; name = ja; path = Locale/ja.lproj/Localizable.strings; sourceTree = "<group>"; };
		765B23111C7FF4440089FF48 /* ko */ = {isa = PBXFileReference; lastKnownFileType = text.plist.strings; name = ko; path = Locale/ko.lproj/Localizable.strings; sourceTree = "<group>"; };
		765B23121C7FF4500089FF48 /* ms */ = {isa = PBXFileReference; lastKnownFileType = text.plist.strings; name = ms; path = Locale/ms.lproj/Localizable.strings; sourceTree = "<group>"; };
		765B23131C7FF45E0089FF48 /* nb */ = {isa = PBXFileReference; lastKnownFileType = text.plist.strings; name = nb; path = Locale/nb.lproj/Localizable.strings; sourceTree = "<group>"; };
		765B23141C7FF46D0089FF48 /* nl */ = {isa = PBXFileReference; lastKnownFileType = text.plist.strings; name = nl; path = Locale/nl.lproj/Localizable.strings; sourceTree = "<group>"; };
		765B23151C7FF4800089FF48 /* pl */ = {isa = PBXFileReference; lastKnownFileType = text.plist.strings; name = pl; path = Locale/pl.lproj/Localizable.strings; sourceTree = "<group>"; };
		765B23161C7FF48B0089FF48 /* pt-BR */ = {isa = PBXFileReference; lastKnownFileType = text.plist.strings; name = "pt-BR"; path = "Locale/pt-BR.lproj/Localizable.strings"; sourceTree = "<group>"; };
		765B23171C7FF4970089FF48 /* pt-PT */ = {isa = PBXFileReference; lastKnownFileType = text.plist.strings; name = "pt-PT"; path = "Locale/pt-PT.lproj/Localizable.strings"; sourceTree = "<group>"; };
		765B23181C7FF4A60089FF48 /* ro */ = {isa = PBXFileReference; lastKnownFileType = text.plist.strings; name = ro; path = Locale/ro.lproj/Localizable.strings; sourceTree = "<group>"; };
		765B23191C7FF4B30089FF48 /* ru */ = {isa = PBXFileReference; lastKnownFileType = text.plist.strings; name = ru; path = Locale/ru.lproj/Localizable.strings; sourceTree = "<group>"; };
		765B231A1C7FF4C20089FF48 /* sk */ = {isa = PBXFileReference; lastKnownFileType = text.plist.strings; name = sk; path = Locale/sk.lproj/Localizable.strings; sourceTree = "<group>"; };
		765B231B1C7FF4D50089FF48 /* sv */ = {isa = PBXFileReference; lastKnownFileType = text.plist.strings; name = sv; path = Locale/sv.lproj/Localizable.strings; sourceTree = "<group>"; };
		765B231C1C7FF4DD0089FF48 /* th */ = {isa = PBXFileReference; lastKnownFileType = text.plist.strings; name = th; path = Locale/th.lproj/Localizable.strings; sourceTree = "<group>"; };
		765B231D1C7FF4F80089FF48 /* tr */ = {isa = PBXFileReference; lastKnownFileType = text.plist.strings; name = tr; path = Locale/tr.lproj/Localizable.strings; sourceTree = "<group>"; };
		765B231E1C7FF50A0089FF48 /* uk */ = {isa = PBXFileReference; lastKnownFileType = text.plist.strings; name = uk; path = Locale/uk.lproj/Localizable.strings; sourceTree = "<group>"; };
		765B231F1C7FF5130089FF48 /* vi */ = {isa = PBXFileReference; lastKnownFileType = text.plist.strings; name = vi; path = Locale/vi.lproj/Localizable.strings; sourceTree = "<group>"; };
		765B23201C7FF51C0089FF48 /* zh-Hans */ = {isa = PBXFileReference; lastKnownFileType = text.plist.strings; name = "zh-Hans"; path = "Locale/zh-Hans.lproj/Localizable.strings"; sourceTree = "<group>"; };
		765B23211C7FF5320089FF48 /* zh-Hant */ = {isa = PBXFileReference; lastKnownFileType = text.plist.strings; name = "zh-Hant"; path = "Locale/zh-Hant.lproj/Localizable.strings"; sourceTree = "<group>"; };
		765B23221C7FF8AD0089FF48 /* Localize_Swift.xcodeproj */ = {isa = PBXFileReference; lastKnownFileType = "wrapper.pb-project"; name = Localize_Swift.xcodeproj; path = "Localize-Swift/Localize_Swift.xcodeproj"; sourceTree = "<group>"; };
		76BF5E5D1C87D50100F5C1C3 /* RecentTableViewCell.swift */ = {isa = PBXFileReference; fileEncoding = 4; lastKnownFileType = sourcecode.swift; path = RecentTableViewCell.swift; sourceTree = "<group>"; };
		76BF5E5E1C87D50100F5C1C3 /* RecentTableViewCell.xib */ = {isa = PBXFileReference; fileEncoding = 4; lastKnownFileType = file.xib; path = RecentTableViewCell.xib; sourceTree = "<group>"; };
		76BF5E611C87D5FF00F5C1C3 /* tracks.swift */ = {isa = PBXFileReference; fileEncoding = 4; lastKnownFileType = sourcecode.swift; path = tracks.swift; sourceTree = "<group>"; };
		76BF5E631C87D63000F5C1C3 /* RecentViewController.swift */ = {isa = PBXFileReference; fileEncoding = 4; lastKnownFileType = sourcecode.swift; path = RecentViewController.swift; sourceTree = "<group>"; };
		76BF5E641C87D63000F5C1C3 /* RecentViewController.xib */ = {isa = PBXFileReference; fileEncoding = 4; lastKnownFileType = file.xib; path = RecentViewController.xib; sourceTree = "<group>"; };
		76BF5E671C87D65200F5C1C3 /* PopularViewController.swift */ = {isa = PBXFileReference; fileEncoding = 4; lastKnownFileType = sourcecode.swift; path = PopularViewController.swift; sourceTree = "<group>"; };
		76BF5E681C87D65200F5C1C3 /* PopularViewController.xib */ = {isa = PBXFileReference; fileEncoding = 4; lastKnownFileType = file.xib; path = PopularViewController.xib; sourceTree = "<group>"; };
		76BF5E6B1C87D66A00F5C1C3 /* BestViewController.swift */ = {isa = PBXFileReference; fileEncoding = 4; lastKnownFileType = sourcecode.swift; path = BestViewController.swift; sourceTree = "<group>"; };
		76BF5E6C1C87D66A00F5C1C3 /* BestViewController.xib */ = {isa = PBXFileReference; fileEncoding = 4; lastKnownFileType = file.xib; path = BestViewController.xib; sourceTree = "<group>"; };
		76DD6D381C7C2BF300CB5694 /* auth.swift */ = {isa = PBXFileReference; fileEncoding = 4; lastKnownFileType = sourcecode.swift; path = auth.swift; sourceTree = "<group>"; };
		DF069AB81C7D3F1B0004702F /* LocalViewController.swift */ = {isa = PBXFileReference; fileEncoding = 4; lastKnownFileType = sourcecode.swift; path = LocalViewController.swift; sourceTree = "<group>"; };
		DF069AB91C7D3F1B0004702F /* LocalViewController.xib */ = {isa = PBXFileReference; fileEncoding = 4; lastKnownFileType = file.xib; path = LocalViewController.xib; sourceTree = "<group>"; };
		DF101BD61C6C14310006B4D3 /* LocalTableViewCell.swift */ = {isa = PBXFileReference; fileEncoding = 4; lastKnownFileType = sourcecode.swift; path = LocalTableViewCell.swift; sourceTree = "<group>"; };
		DF101BD71C6C14310006B4D3 /* LocalTableViewCell.xib */ = {isa = PBXFileReference; fileEncoding = 4; lastKnownFileType = file.xib; path = LocalTableViewCell.xib; sourceTree = "<group>"; };
		DF101BE41C6C18C00006B4D3 /* LibrariesTableViewController.swift */ = {isa = PBXFileReference; fileEncoding = 4; lastKnownFileType = sourcecode.swift; path = LibrariesTableViewController.swift; sourceTree = "<group>"; };
		DF101BE51C6C18C00006B4D3 /* LibrariesTableViewController.xib */ = {isa = PBXFileReference; fileEncoding = 4; lastKnownFileType = file.xib; path = LibrariesTableViewController.xib; sourceTree = "<group>"; };
		DF101BE91C6C19080006B4D3 /* ProjectsTableViewController.swift */ = {isa = PBXFileReference; fileEncoding = 4; lastKnownFileType = sourcecode.swift; path = ProjectsTableViewController.swift; sourceTree = "<group>"; };
		DF101BEA1C6C19080006B4D3 /* ProjectsTableViewController.xib */ = {isa = PBXFileReference; fileEncoding = 4; lastKnownFileType = file.xib; path = ProjectsTableViewController.xib; sourceTree = "<group>"; };
		DF101BEF1C6C197F0006B4D3 /* PopularBestTableViewController.swift */ = {isa = PBXFileReference; fileEncoding = 4; lastKnownFileType = sourcecode.swift; path = PopularBestTableViewController.swift; sourceTree = "<group>"; };
		DF101BF01C6C197F0006B4D3 /* PopularBestTableViewController.xib */ = {isa = PBXFileReference; fileEncoding = 4; lastKnownFileType = file.xib; path = PopularBestTableViewController.xib; sourceTree = "<group>"; };
		DF101C011C6C46D10006B4D3 /* MyProfileViewController.swift */ = {isa = PBXFileReference; fileEncoding = 4; lastKnownFileType = sourcecode.swift; path = MyProfileViewController.swift; sourceTree = "<group>"; };
		DF101C021C6C46D10006B4D3 /* MyProfileViewController.xib */ = {isa = PBXFileReference; fileEncoding = 4; lastKnownFileType = file.xib; path = MyProfileViewController.xib; sourceTree = "<group>"; };
		DF16A0B01C754C84006E4019 /* RecordViewController.swift */ = {isa = PBXFileReference; fileEncoding = 4; lastKnownFileType = sourcecode.swift; path = RecordViewController.swift; sourceTree = "<group>"; };
		DF4CBD601C7AD37100C3EE36 /* TemplateViewController.swift */ = {isa = PBXFileReference; fileEncoding = 4; lastKnownFileType = sourcecode.swift; path = TemplateViewController.swift; sourceTree = "<group>"; };
		DF4CBD611C7AD37100C3EE36 /* TemplateViewController.xib */ = {isa = PBXFileReference; fileEncoding = 4; lastKnownFileType = file.xib; path = TemplateViewController.xib; sourceTree = "<group>"; };
		DF526F551C6D5E63009971FF /* MyFriendsTableViewController.swift */ = {isa = PBXFileReference; fileEncoding = 4; lastKnownFileType = sourcecode.swift; path = MyFriendsTableViewController.swift; sourceTree = "<group>"; };
		DF526F561C6D5E63009971FF /* MyFriendsTableViewController.xib */ = {isa = PBXFileReference; fileEncoding = 4; lastKnownFileType = file.xib; path = MyFriendsTableViewController.xib; sourceTree = "<group>"; };
		DF526F5B1C6D5EB6009971FF /* MyFriendsTableViewCell.swift */ = {isa = PBXFileReference; fileEncoding = 4; lastKnownFileType = sourcecode.swift; path = MyFriendsTableViewCell.swift; sourceTree = "<group>"; };
		DF526F5C1C6D5EB6009971FF /* MyFriendsTableViewCell.xib */ = {isa = PBXFileReference; fileEncoding = 4; lastKnownFileType = file.xib; path = MyFriendsTableViewCell.xib; sourceTree = "<group>"; };
		DF526F5F1C6D73D1009971FF /* LibrariesTableViewCell.swift */ = {isa = PBXFileReference; fileEncoding = 4; lastKnownFileType = sourcecode.swift; path = LibrariesTableViewCell.swift; sourceTree = "<group>"; };
		DF526F601C6D73D1009971FF /* LibrariesTableViewCell.xib */ = {isa = PBXFileReference; fileEncoding = 4; lastKnownFileType = file.xib; path = LibrariesTableViewCell.xib; sourceTree = "<group>"; };
		DF526F711C6D9EBC009971FF /* AllMembersTableViewController.swift */ = {isa = PBXFileReference; fileEncoding = 4; lastKnownFileType = sourcecode.swift; path = AllMembersTableViewController.swift; sourceTree = "<group>"; };
		DF526F721C6D9EBC009971FF /* AllMembersTableViewController.xib */ = {isa = PBXFileReference; fileEncoding = 4; lastKnownFileType = file.xib; path = AllMembersTableViewController.xib; sourceTree = "<group>"; };
		DF526F751C6D9FBB009971FF /* AllMembersTableViewCell.swift */ = {isa = PBXFileReference; fileEncoding = 4; lastKnownFileType = sourcecode.swift; path = AllMembersTableViewCell.swift; sourceTree = "<group>"; };
		DF526F761C6D9FBB009971FF /* AllMembersTableViewCell.xib */ = {isa = PBXFileReference; fileEncoding = 4; lastKnownFileType = file.xib; path = AllMembersTableViewCell.xib; sourceTree = "<group>"; };
		DF6B70551C7ADD9D00B655B6 /* FollowingsTableViewController.swift */ = {isa = PBXFileReference; fileEncoding = 4; lastKnownFileType = sourcecode.swift; path = FollowingsTableViewController.swift; sourceTree = "<group>"; };
		DF6B70561C7ADD9D00B655B6 /* FollowingsTableViewController.xib */ = {isa = PBXFileReference; fileEncoding = 4; lastKnownFileType = file.xib; path = FollowingsTableViewController.xib; sourceTree = "<group>"; };
		DF6B70591C7ADF2200B655B6 /* FollowingsTableViewCell.swift */ = {isa = PBXFileReference; fileEncoding = 4; lastKnownFileType = sourcecode.swift; path = FollowingsTableViewCell.swift; sourceTree = "<group>"; };
		DF6B705A1C7ADF2200B655B6 /* FollowingsTableViewCell.xib */ = {isa = PBXFileReference; fileEncoding = 4; lastKnownFileType = file.xib; path = FollowingsTableViewCell.xib; sourceTree = "<group>"; };
		DF6B705E1C7AE33900B655B6 /* UserDetailsViewController.swift */ = {isa = PBXFileReference; fileEncoding = 4; lastKnownFileType = sourcecode.swift; path = UserDetailsViewController.swift; sourceTree = "<group>"; };
		DF6B705F1C7AE33900B655B6 /* UserDetailsViewController.xib */ = {isa = PBXFileReference; fileEncoding = 4; lastKnownFileType = file.xib; path = UserDetailsViewController.xib; sourceTree = "<group>"; };
		DF6B70621C7AEA0400B655B6 /* UserTracksTableViewCell.swift */ = {isa = PBXFileReference; fileEncoding = 4; lastKnownFileType = sourcecode.swift; path = UserTracksTableViewCell.swift; sourceTree = "<group>"; };
		DF6B70631C7AEA0400B655B6 /* UserTracksTableViewCell.xib */ = {isa = PBXFileReference; fileEncoding = 4; lastKnownFileType = file.xib; path = UserTracksTableViewCell.xib; sourceTree = "<group>"; };
		DFF4CBB01C6B0BD2008973D3 /* doharmony.app */ = {isa = PBXFileReference; explicitFileType = wrapper.application; includeInIndex = 0; path = doharmony.app; sourceTree = BUILT_PRODUCTS_DIR; };
		DFF4CBB31C6B0BD2008973D3 /* AppDelegate.swift */ = {isa = PBXFileReference; lastKnownFileType = sourcecode.swift; path = AppDelegate.swift; sourceTree = "<group>"; };
		DFF4CBB51C6B0BD2008973D3 /* HomeViewController.swift */ = {isa = PBXFileReference; lastKnownFileType = sourcecode.swift; path = HomeViewController.swift; sourceTree = "<group>"; };
		DFF4CBB81C6B0BD2008973D3 /* Base */ = {isa = PBXFileReference; lastKnownFileType = file.storyboard; name = Base; path = Base.lproj/Main.storyboard; sourceTree = "<group>"; };
		DFF4CBBA1C6B0BD2008973D3 /* Assets.xcassets */ = {isa = PBXFileReference; lastKnownFileType = folder.assetcatalog; path = Assets.xcassets; sourceTree = "<group>"; };
		DFF4CBBD1C6B0BD2008973D3 /* Base */ = {isa = PBXFileReference; lastKnownFileType = file.storyboard; name = Base; path = Base.lproj/LaunchScreen.storyboard; sourceTree = "<group>"; };
		DFF4CBBF1C6B0BD2008973D3 /* Info.plist */ = {isa = PBXFileReference; lastKnownFileType = text.plist.xml; path = Info.plist; sourceTree = "<group>"; };
		DFF4CBC41C6B0BD2008973D3 /* doharmonyTests.xctest */ = {isa = PBXFileReference; explicitFileType = wrapper.cfbundle; includeInIndex = 0; path = doharmonyTests.xctest; sourceTree = BUILT_PRODUCTS_DIR; };
		DFF4CBC81C6B0BD2008973D3 /* doharmonyTests.swift */ = {isa = PBXFileReference; lastKnownFileType = sourcecode.swift; path = doharmonyTests.swift; sourceTree = "<group>"; };
		DFF4CBCA1C6B0BD2008973D3 /* Info.plist */ = {isa = PBXFileReference; lastKnownFileType = text.plist.xml; path = Info.plist; sourceTree = "<group>"; };
		DFF4CBCF1C6B0BD2008973D3 /* doharmonyUITests.xctest */ = {isa = PBXFileReference; explicitFileType = wrapper.cfbundle; includeInIndex = 0; path = doharmonyUITests.xctest; sourceTree = BUILT_PRODUCTS_DIR; };
		DFF4CBD31C6B0BD2008973D3 /* doharmonyUITests.swift */ = {isa = PBXFileReference; lastKnownFileType = sourcecode.swift; path = doharmonyUITests.swift; sourceTree = "<group>"; };
		DFF4CBD51C6B0BD2008973D3 /* Info.plist */ = {isa = PBXFileReference; lastKnownFileType = text.plist.xml; path = Info.plist; sourceTree = "<group>"; };
		DFF4CBE11C6B0CF2008973D3 /* CAPSPageMenu.swift */ = {isa = PBXFileReference; fileEncoding = 4; lastKnownFileType = sourcecode.swift; path = CAPSPageMenu.swift; sourceTree = "<group>"; };
		DFF4CBFB1C6B1988008973D3 /* ProfileViewController.swift */ = {isa = PBXFileReference; fileEncoding = 4; lastKnownFileType = sourcecode.swift; path = ProfileViewController.swift; sourceTree = "<group>"; };
		DFF4CBFD1C6B1A47008973D3 /* FriendsViewController.swift */ = {isa = PBXFileReference; fileEncoding = 4; lastKnownFileType = sourcecode.swift; path = FriendsViewController.swift; sourceTree = "<group>"; };
		DFF4CC011C6B1BCA008973D3 /* TabBarController.swift */ = {isa = PBXFileReference; fileEncoding = 4; lastKnownFileType = sourcecode.swift; path = TabBarController.swift; sourceTree = "<group>"; };
		F64802151C75AFEE00F6F083 /* PostsTableViewController.swift */ = {isa = PBXFileReference; fileEncoding = 4; lastKnownFileType = sourcecode.swift; path = PostsTableViewController.swift; sourceTree = "<group>"; };
		F64802161C75AFEE00F6F083 /* PostsTableViewController.xib */ = {isa = PBXFileReference; fileEncoding = 4; lastKnownFileType = file.xib; path = PostsTableViewController.xib; sourceTree = "<group>"; };
		F64802171C75AFEE00F6F083 /* PostsTableViewCell.swift */ = {isa = PBXFileReference; fileEncoding = 4; lastKnownFileType = sourcecode.swift; path = PostsTableViewCell.swift; sourceTree = "<group>"; };
		F64802181C75AFEE00F6F083 /* PostsTableViewCell.xib */ = {isa = PBXFileReference; fileEncoding = 4; lastKnownFileType = file.xib; path = PostsTableViewCell.xib; sourceTree = "<group>"; };
		F64802191C75AFEE00F6F083 /* TrackDetailsViewController.swift */ = {isa = PBXFileReference; fileEncoding = 4; lastKnownFileType = sourcecode.swift; path = TrackDetailsViewController.swift; sourceTree = "<group>"; };
		F648021A1C75AFEE00F6F083 /* TrackDetailsViewController.xib */ = {isa = PBXFileReference; fileEncoding = 4; lastKnownFileType = file.xib; path = TrackDetailsViewController.xib; sourceTree = "<group>"; };
		F648021B1C75AFEE00F6F083 /* CommentTableViewCell.swift */ = {isa = PBXFileReference; fileEncoding = 4; lastKnownFileType = sourcecode.swift; path = CommentTableViewCell.swift; sourceTree = "<group>"; };
		F648021C1C75AFEE00F6F083 /* CommentTableViewCell.xib */ = {isa = PBXFileReference; fileEncoding = 4; lastKnownFileType = file.xib; path = CommentTableViewCell.xib; sourceTree = "<group>"; };
		F6B5FB911C769E6C001B8868 /* LoginViewController.swift */ = {isa = PBXFileReference; fileEncoding = 4; lastKnownFileType = sourcecode.swift; path = LoginViewController.swift; sourceTree = "<group>"; };
		F6B5FB921C769E6C001B8868 /* LoginViewController.xib */ = {isa = PBXFileReference; fileEncoding = 4; lastKnownFileType = file.xib; path = LoginViewController.xib; sourceTree = "<group>"; };
		F6B5FB961C76B20D001B8868 /* SignUpViewController.swift */ = {isa = PBXFileReference; fileEncoding = 4; lastKnownFileType = sourcecode.swift; path = SignUpViewController.swift; sourceTree = "<group>"; };
		F6B5FB971C76B20D001B8868 /* SignUpViewController.xib */ = {isa = PBXFileReference; fileEncoding = 4; lastKnownFileType = file.xib; path = SignUpViewController.xib; sourceTree = "<group>"; };
		F6CC205A1C76DAE50033CF70 /* PlayTrackViewController.swift */ = {isa = PBXFileReference; fileEncoding = 4; lastKnownFileType = sourcecode.swift; path = PlayTrackViewController.swift; sourceTree = "<group>"; };
		F6CC205B1C76DAE50033CF70 /* PlayTrackViewController.xib */ = {isa = PBXFileReference; fileEncoding = 4; lastKnownFileType = file.xib; path = PlayTrackViewController.xib; sourceTree = "<group>"; };
		FB4125051C86ADB4007EC0D5 /* ImportViewController.swift */ = {isa = PBXFileReference; fileEncoding = 4; lastKnownFileType = sourcecode.swift; path = ImportViewController.swift; sourceTree = "<group>"; };
		FB4125061C86ADB4007EC0D5 /* ImportViewController.xib */ = {isa = PBXFileReference; fileEncoding = 4; lastKnownFileType = file.xib; path = ImportViewController.xib; sourceTree = "<group>"; };
		FBA1A9E51C86A417005A8F0B /* Template.swift */ = {isa = PBXFileReference; fileEncoding = 4; lastKnownFileType = sourcecode.swift; path = Template.swift; sourceTree = "<group>"; };
		FBA1A9E61C86A417005A8F0B /* Timer.swift */ = {isa = PBXFileReference; fileEncoding = 4; lastKnownFileType = sourcecode.swift; path = Timer.swift; sourceTree = "<group>"; };
		FBA1A9E71C86A417005A8F0B /* Capture.swift */ = {isa = PBXFileReference; fileEncoding = 4; lastKnownFileType = sourcecode.swift; path = Capture.swift; sourceTree = "<group>"; };
		FBA1A9E81C86A417005A8F0B /* Crop.swift */ = {isa = PBXFileReference; fileEncoding = 4; lastKnownFileType = sourcecode.swift; path = Crop.swift; sourceTree = "<group>"; };
		FBA1A9E91C86A417005A8F0B /* Merge.swift */ = {isa = PBXFileReference; fileEncoding = 4; lastKnownFileType = sourcecode.swift; path = Merge.swift; sourceTree = "<group>"; };
		FBA1A9EA1C86A417005A8F0B /* CameraRoll.swift */ = {isa = PBXFileReference; fileEncoding = 4; lastKnownFileType = sourcecode.swift; path = CameraRoll.swift; sourceTree = "<group>"; };
		FBA1A9EB1C86A417005A8F0B /* RecordingData.swift */ = {isa = PBXFileReference; fileEncoding = 4; lastKnownFileType = sourcecode.swift; path = RecordingData.swift; sourceTree = "<group>"; };
		FBA1A9F31C86A4F6005A8F0B /* RecordingViewController.xib */ = {isa = PBXFileReference; fileEncoding = 4; lastKnownFileType = file.xib; path = RecordingViewController.xib; sourceTree = "<group>"; };
		FBA1A9F41C86A4F6005A8F0B /* RecordingViewController.swift */ = {isa = PBXFileReference; fileEncoding = 4; lastKnownFileType = sourcecode.swift; path = RecordingViewController.swift; sourceTree = "<group>"; };
		FBA7EBDF1C87C0C8007AC17A /* LocalRecordings.swift */ = {isa = PBXFileReference; fileEncoding = 4; lastKnownFileType = sourcecode.swift; path = LocalRecordings.swift; sourceTree = "<group>"; };
		FBA7EBEE1C87D079007AC17A /* tsak.wav */ = {isa = PBXFileReference; lastKnownFileType = audio.wav; path = tsak.wav; sourceTree = "<group>"; };
		FBA7EBEF1C87D079007AC17A /* tsik.wav */ = {isa = PBXFileReference; lastKnownFileType = audio.wav; path = tsik.wav; sourceTree = "<group>"; };
/* End PBXFileReference section */

/* Begin PBXFrameworksBuildPhase section */
		DFF4CBAD1C6B0BD2008973D3 /* Frameworks */ = {
			isa = PBXFrameworksBuildPhase;
			buildActionMask = 2147483647;
			files = (
				7615F2761C7597E900ACBD3E /* SwiftyJSON.framework in Frameworks */,
				765B232B1C7FF94D0089FF48 /* Localize_Swift.framework in Frameworks */,
				7615F27B1C7597EF00ACBD3E /* Alamofire.framework in Frameworks */,
			);
			runOnlyForDeploymentPostprocessing = 0;
		};
		DFF4CBC11C6B0BD2008973D3 /* Frameworks */ = {
			isa = PBXFrameworksBuildPhase;
			buildActionMask = 2147483647;
			files = (
			);
			runOnlyForDeploymentPostprocessing = 0;
		};
		DFF4CBCC1C6B0BD2008973D3 /* Frameworks */ = {
			isa = PBXFrameworksBuildPhase;
			buildActionMask = 2147483647;
			files = (
			);
			runOnlyForDeploymentPostprocessing = 0;
		};
/* End PBXFrameworksBuildPhase section */

/* Begin PBXGroup section */
		7615F2451C75972800ACBD3E /* Products */ = {
			isa = PBXGroup;
			children = (
				7615F24F1C75972800ACBD3E /* Alamofire.framework */,
				7615F2511C75972800ACBD3E /* Alamofire iOS Tests.xctest */,
				7615F2531C75972800ACBD3E /* Alamofire.framework */,
				7615F2551C75972800ACBD3E /* Alamofire OSX Tests.xctest */,
				7615F2571C75972800ACBD3E /* Alamofire.framework */,
				7615F2591C75972800ACBD3E /* Alamofire tvOS Tests.xctest */,
				7615F25B1C75972800ACBD3E /* Alamofire.framework */,
			);
			name = Products;
			sourceTree = "<group>";
		};
		7615F25D1C75973400ACBD3E /* Products */ = {
			isa = PBXGroup;
			children = (
				7615F2671C75973400ACBD3E /* SwiftyJSON.framework */,
				7615F2691C75973400ACBD3E /* SwiftyJSON iOS Tests.xctest */,
				7615F26B1C75973400ACBD3E /* SwiftyJSON.framework */,
				7615F26D1C75973400ACBD3E /* SwiftyJSON OSX Tests.xctest */,
				7615F26F1C75973400ACBD3E /* SwiftyJSON.framework */,
				7615F2711C75973400ACBD3E /* SwiftyJSON.framework */,
				7615F2731C75973400ACBD3E /* SwiftyJSON tvOS Tests.xctest */,
			);
			name = Products;
			sourceTree = "<group>";
		};
		7615F2751C75975D00ACBD3E /* Library */ = {
			isa = PBXGroup;
			children = (
				765B23221C7FF8AD0089FF48 /* Localize_Swift.xcodeproj */,
				7615F25C1C75973400ACBD3E /* SwiftyJSON.xcodeproj */,
				7615F2441C75972800ACBD3E /* Alamofire.xcodeproj */,
			);
			name = Library;
			sourceTree = "<group>";
		};
		7629CFA41C7EEA3A0092C5F3 /* Popular/Best */ = {
			isa = PBXGroup;
			children = (
				DF101BEF1C6C197F0006B4D3 /* PopularBestTableViewController.swift */,
				DF101BF01C6C197F0006B4D3 /* PopularBestTableViewController.xib */,
				DF101BEE1C6C196A0006B4D3 /* Popular */,
				DF101BF31C6C1B0B0006B4D3 /* Best */,
			);
			name = Popular/Best;
			sourceTree = "<group>";
		};
		765B23231C7FF8AD0089FF48 /* Products */ = {
			isa = PBXGroup;
			children = (
				765B23281C7FF8AD0089FF48 /* Localize_Swift.framework */,
				765B232A1C7FF8AD0089FF48 /* Localize_SwiftTests.xctest */,
			);
			name = Products;
			sourceTree = "<group>";
		};
		76DD6D001C7C258900CB5694 /* Module */ = {
			isa = PBXGroup;
			children = (
				DFF4CBE11C6B0CF2008973D3 /* CAPSPageMenu.swift */,
				76DD6D381C7C2BF300CB5694 /* auth.swift */,
				765071C71C7D511700798B76 /* test.swift */,
				76BF5E611C87D5FF00F5C1C3 /* tracks.swift */,
			);
			name = Module;
			sourceTree = "<group>";
		};
		76DD6D3A1C7C2CE100CB5694 /* Configuration */ = {
			isa = PBXGroup;
			children = (
				765B22FE1C7FF2FC0089FF48 /* Localizable.strings */,
				765B22FA1C7FF1810089FF48 /* config.swift */,
			);
			name = Configuration;
			sourceTree = "<group>";
		};
		DF101BC91C6C07F90006B4D3 /* Home */ = {
			isa = PBXGroup;
			children = (
				DF101BED1C6C19610006B4D3 /* Recently */,
				7629CFA41C7EEA3A0092C5F3 /* Popular/Best */,
				DF526F6B1C6D9397009971FF /* Local */,
			);
			name = Home;
			sourceTree = "<group>";
		};
		DF101BDA1C6C163C0006B4D3 /* Tab Naviagation */ = {
			isa = PBXGroup;
			children = (
				DFF4CC011C6B1BCA008973D3 /* TabBarController.swift */,
				DFF4CBB51C6B0BD2008973D3 /* HomeViewController.swift */,
				DFF4CBFD1C6B1A47008973D3 /* FriendsViewController.swift */,
				DF16A0B01C754C84006E4019 /* RecordViewController.swift */,
				DFF4CBFB1C6B1988008973D3 /* ProfileViewController.swift */,
			);
			name = "Tab Naviagation";
			sourceTree = "<group>";
		};
		DF101BDC1C6C16F80006B4D3 /* Music */ = {
			isa = PBXGroup;
			children = (
			);
			name = Music;
			sourceTree = "<group>";
		};
		DF101BDD1C6C17620006B4D3 /* Profile */ = {
			isa = PBXGroup;
			children = (
				DF101BE21C6C18820006B4D3 /* My Profile */,
				DF101BE31C6C18910006B4D3 /* My Libraries */,
				DF101BE81C6C18EF0006B4D3 /* My Projects */,
			);
			name = Profile;
			sourceTree = "<group>";
		};
		DF101BE21C6C18820006B4D3 /* My Profile */ = {
			isa = PBXGroup;
			children = (
				DF101C011C6C46D10006B4D3 /* MyProfileViewController.swift */,
				DF101C021C6C46D10006B4D3 /* MyProfileViewController.xib */,
			);
			name = "My Profile";
			sourceTree = "<group>";
		};
		DF101BE31C6C18910006B4D3 /* My Libraries */ = {
			isa = PBXGroup;
			children = (
				DF101BE41C6C18C00006B4D3 /* LibrariesTableViewController.swift */,
				DF101BE51C6C18C00006B4D3 /* LibrariesTableViewController.xib */,
				DF526F5F1C6D73D1009971FF /* LibrariesTableViewCell.swift */,
				DF526F601C6D73D1009971FF /* LibrariesTableViewCell.xib */,
			);
			name = "My Libraries";
			sourceTree = "<group>";
		};
		DF101BE81C6C18EF0006B4D3 /* My Projects */ = {
			isa = PBXGroup;
			children = (
				DF101BE91C6C19080006B4D3 /* ProjectsTableViewController.swift */,
				DF101BEA1C6C19080006B4D3 /* ProjectsTableViewController.xib */,
			);
			name = "My Projects";
			sourceTree = "<group>";
		};
		DF101BED1C6C19610006B4D3 /* Recently */ = {
			isa = PBXGroup;
			children = (
				76BF5E631C87D63000F5C1C3 /* RecentViewController.swift */,
				76BF5E641C87D63000F5C1C3 /* RecentViewController.xib */,
				76BF5E5D1C87D50100F5C1C3 /* RecentTableViewCell.swift */,
				76BF5E5E1C87D50100F5C1C3 /* RecentTableViewCell.xib */,
			);
			name = Recently;
			sourceTree = "<group>";
		};
		DF101BEE1C6C196A0006B4D3 /* Popular */ = {
			isa = PBXGroup;
			children = (
				76BF5E671C87D65200F5C1C3 /* PopularViewController.swift */,
				76BF5E681C87D65200F5C1C3 /* PopularViewController.xib */,
			);
			name = Popular;
			sourceTree = "<group>";
		};
		DF101BF31C6C1B0B0006B4D3 /* Best */ = {
			isa = PBXGroup;
			children = (
				76BF5E6B1C87D66A00F5C1C3 /* BestViewController.swift */,
				76BF5E6C1C87D66A00F5C1C3 /* BestViewController.xib */,
			);
			name = Best;
			sourceTree = "<group>";
		};
		DF101BF81C6C1EE90006B4D3 /* More */ = {
			isa = PBXGroup;
			children = (
			);
			name = More;
			sourceTree = "<group>";
		};
		DF16A0B71C754FD1006E4019 /* Recording */ = {
			isa = PBXGroup;
			children = (
				FBA1A9F31C86A4F6005A8F0B /* RecordingViewController.xib */,
				FBA1A9F41C86A4F6005A8F0B /* RecordingViewController.swift */,
				FBA1A9E51C86A417005A8F0B /* Template.swift */,
				FBA1A9E61C86A417005A8F0B /* Timer.swift */,
				FBA1A9E71C86A417005A8F0B /* Capture.swift */,
				FBA1A9E81C86A417005A8F0B /* Crop.swift */,
				FBA1A9E91C86A417005A8F0B /* Merge.swift */,
				FBA1A9EA1C86A417005A8F0B /* CameraRoll.swift */,
				FBA1A9EB1C86A417005A8F0B /* RecordingData.swift */,
				FBA7EBDF1C87C0C8007AC17A /* LocalRecordings.swift */,
				FB4124F71C86AD7D007EC0D5 /* Local Import */,
				FBA7EBEE1C87D079007AC17A /* tsak.wav */,
				FBA7EBEF1C87D079007AC17A /* tsik.wav */,
			);
			name = Recording;
			sourceTree = "<group>";
		};
		DF4CBD5F1C7AD30A00C3EE36 /* Template */ = {
			isa = PBXGroup;
			children = (
				DF4CBD601C7AD37100C3EE36 /* TemplateViewController.swift */,
				DF4CBD611C7AD37100C3EE36 /* TemplateViewController.xib */,
			);
			name = Template;
			sourceTree = "<group>";
		};
		DF4CBD641C7ADC1000C3EE36 /* Followings */ = {
			isa = PBXGroup;
			children = (
				DF6B70551C7ADD9D00B655B6 /* FollowingsTableViewController.swift */,
				DF6B70561C7ADD9D00B655B6 /* FollowingsTableViewController.xib */,
				DF6B70591C7ADF2200B655B6 /* FollowingsTableViewCell.swift */,
				DF6B705A1C7ADF2200B655B6 /* FollowingsTableViewCell.xib */,
			);
			name = Followings;
			sourceTree = "<group>";
		};
		DF526F511C6D5E01009971FF /* Friends */ = {
			isa = PBXGroup;
			children = (
				F64802141C75AFD200F6F083 /* Posts */,
				DF526F531C6D5E18009971FF /* Friends */,
				DF4CBD641C7ADC1000C3EE36 /* Followings */,
				DF526F541C6D5E25009971FF /* All */,
			);
			name = Friends;
			sourceTree = "<group>";
		};
		DF526F531C6D5E18009971FF /* Friends */ = {
			isa = PBXGroup;
			children = (
				DF526F551C6D5E63009971FF /* MyFriendsTableViewController.swift */,
				DF526F561C6D5E63009971FF /* MyFriendsTableViewController.xib */,
				DF526F5B1C6D5EB6009971FF /* MyFriendsTableViewCell.swift */,
				DF526F5C1C6D5EB6009971FF /* MyFriendsTableViewCell.xib */,
			);
			name = Friends;
			sourceTree = "<group>";
		};
		DF526F541C6D5E25009971FF /* All */ = {
			isa = PBXGroup;
			children = (
				DF526F711C6D9EBC009971FF /* AllMembersTableViewController.swift */,
				DF526F721C6D9EBC009971FF /* AllMembersTableViewController.xib */,
				DF526F751C6D9FBB009971FF /* AllMembersTableViewCell.swift */,
				DF526F761C6D9FBB009971FF /* AllMembersTableViewCell.xib */,
			);
			name = All;
			sourceTree = "<group>";
		};
		DF526F6B1C6D9397009971FF /* Local */ = {
			isa = PBXGroup;
			children = (
				DF069AB81C7D3F1B0004702F /* LocalViewController.swift */,
				DF069AB91C7D3F1B0004702F /* LocalViewController.xib */,
				DF101BD61C6C14310006B4D3 /* LocalTableViewCell.swift */,
				DF101BD71C6C14310006B4D3 /* LocalTableViewCell.xib */,
			);
			name = Local;
			sourceTree = "<group>";
		};
		DF6B705D1C7AE31200B655B6 /* User Details */ = {
			isa = PBXGroup;
			children = (
				DF6B705E1C7AE33900B655B6 /* UserDetailsViewController.swift */,
				DF6B705F1C7AE33900B655B6 /* UserDetailsViewController.xib */,
				DF6B70621C7AEA0400B655B6 /* UserTracksTableViewCell.swift */,
				DF6B70631C7AEA0400B655B6 /* UserTracksTableViewCell.xib */,
			);
			name = "User Details";
			sourceTree = "<group>";
		};
		DFF4CBA71C6B0BD2008973D3 = {
			isa = PBXGroup;
			children = (
				7615F2751C75975D00ACBD3E /* Library */,
				DFF4CBB21C6B0BD2008973D3 /* doharmony */,
				DFF4CBC71C6B0BD2008973D3 /* doharmonyTests */,
				DFF4CBD21C6B0BD2008973D3 /* doharmonyUITests */,
				DFF4CBB11C6B0BD2008973D3 /* Products */,
			);
			sourceTree = "<group>";
		};
		DFF4CBB11C6B0BD2008973D3 /* Products */ = {
			isa = PBXGroup;
			children = (
				DFF4CBB01C6B0BD2008973D3 /* doharmony.app */,
				DFF4CBC41C6B0BD2008973D3 /* doharmonyTests.xctest */,
				DFF4CBCF1C6B0BD2008973D3 /* doharmonyUITests.xctest */,
			);
			name = Products;
			sourceTree = "<group>";
		};
		DFF4CBB21C6B0BD2008973D3 /* doharmony */ = {
			isa = PBXGroup;
			children = (
				76DD6D3A1C7C2CE100CB5694 /* Configuration */,
				76DD6D001C7C258900CB5694 /* Module */,
				DF101BDC1C6C16F80006B4D3 /* Music */,
				DFF4CBFA1C6B1961008973D3 /* Controllers */,
				DFF4CBB31C6B0BD2008973D3 /* AppDelegate.swift */,
				DFF4CBB71C6B0BD2008973D3 /* Main.storyboard */,
				DFF4CBBA1C6B0BD2008973D3 /* Assets.xcassets */,
				DFF4CBBC1C6B0BD2008973D3 /* LaunchScreen.storyboard */,
				DFF4CBBF1C6B0BD2008973D3 /* Info.plist */,
				7615F2851C75A26700ACBD3E /* doharmony.xcdatamodeld */,
			);
			path = doharmony;
			sourceTree = "<group>";
		};
		DFF4CBC71C6B0BD2008973D3 /* doharmonyTests */ = {
			isa = PBXGroup;
			children = (
				DFF4CBC81C6B0BD2008973D3 /* doharmonyTests.swift */,
				DFF4CBCA1C6B0BD2008973D3 /* Info.plist */,
			);
			path = doharmonyTests;
			sourceTree = "<group>";
		};
		DFF4CBD21C6B0BD2008973D3 /* doharmonyUITests */ = {
			isa = PBXGroup;
			children = (
				DFF4CBD31C6B0BD2008973D3 /* doharmonyUITests.swift */,
				DFF4CBD51C6B0BD2008973D3 /* Info.plist */,
			);
			path = doharmonyUITests;
			sourceTree = "<group>";
		};
		DFF4CBFA1C6B1961008973D3 /* Controllers */ = {
			isa = PBXGroup;
			children = (
				DF101BDA1C6C163C0006B4D3 /* Tab Naviagation */,
				DF6B705D1C7AE31200B655B6 /* User Details */,
				F6CC20591C76D4EE0033CF70 /* PlayTrack */,
				F64802251C75BBC000F6F083 /* Track Details */,
				DF101BC91C6C07F90006B4D3 /* Home */,
				DF526F511C6D5E01009971FF /* Friends */,
				DFF4CC0E1C6B2A41008973D3 /* Recording */,
				DF101BDD1C6C17620006B4D3 /* Profile */,
				DF101BF81C6C1EE90006B4D3 /* More */,
				F6B5FB951C76B1BC001B8868 /* Sign Up */,
				F6B5FB901C769E43001B8868 /* Login */,
			);
			name = Controllers;
			sourceTree = "<group>";
		};
		DFF4CC0E1C6B2A41008973D3 /* Recording */ = {
			isa = PBXGroup;
			children = (
				DF4CBD5F1C7AD30A00C3EE36 /* Template */,
				DF16A0B71C754FD1006E4019 /* Recording */,
			);
			name = Recording;
			sourceTree = "<group>";
		};
		F64802141C75AFD200F6F083 /* Posts */ = {
			isa = PBXGroup;
			children = (
				F64802151C75AFEE00F6F083 /* PostsTableViewController.swift */,
				F64802161C75AFEE00F6F083 /* PostsTableViewController.xib */,
				F64802171C75AFEE00F6F083 /* PostsTableViewCell.swift */,
				F64802181C75AFEE00F6F083 /* PostsTableViewCell.xib */,
			);
			name = Posts;
			sourceTree = "<group>";
		};
		F64802251C75BBC000F6F083 /* Track Details */ = {
			isa = PBXGroup;
			children = (
				F64802191C75AFEE00F6F083 /* TrackDetailsViewController.swift */,
				F648021A1C75AFEE00F6F083 /* TrackDetailsViewController.xib */,
				F648021B1C75AFEE00F6F083 /* CommentTableViewCell.swift */,
				F648021C1C75AFEE00F6F083 /* CommentTableViewCell.xib */,
			);
			name = "Track Details";
			sourceTree = "<group>";
		};
		F6B5FB901C769E43001B8868 /* Login */ = {
			isa = PBXGroup;
			children = (
				F6B5FB911C769E6C001B8868 /* LoginViewController.swift */,
				F6B5FB921C769E6C001B8868 /* LoginViewController.xib */,
			);
			name = Login;
			sourceTree = "<group>";
		};
		F6B5FB951C76B1BC001B8868 /* Sign Up */ = {
			isa = PBXGroup;
			children = (
				F6B5FB961C76B20D001B8868 /* SignUpViewController.swift */,
				F6B5FB971C76B20D001B8868 /* SignUpViewController.xib */,
			);
			name = "Sign Up";
			sourceTree = "<group>";
		};
		F6CC20591C76D4EE0033CF70 /* PlayTrack */ = {
			isa = PBXGroup;
			children = (
				F6CC205A1C76DAE50033CF70 /* PlayTrackViewController.swift */,
				F6CC205B1C76DAE50033CF70 /* PlayTrackViewController.xib */,
			);
			name = PlayTrack;
			sourceTree = "<group>";
		};
		FB4124F71C86AD7D007EC0D5 /* Local Import */ = {
			isa = PBXGroup;
			children = (
				FB4125051C86ADB4007EC0D5 /* ImportViewController.swift */,
				FB4125061C86ADB4007EC0D5 /* ImportViewController.xib */,
			);
			name = "Local Import";
			sourceTree = "<group>";
		};
/* End PBXGroup section */

/* Begin PBXNativeTarget section */
		DFF4CBAF1C6B0BD2008973D3 /* doharmony */ = {
			isa = PBXNativeTarget;
			buildConfigurationList = DFF4CBD81C6B0BD2008973D3 /* Build configuration list for PBXNativeTarget "doharmony" */;
			buildPhases = (
				DFF4CBAC1C6B0BD2008973D3 /* Sources */,
				DFF4CBAD1C6B0BD2008973D3 /* Frameworks */,
				DFF4CBAE1C6B0BD2008973D3 /* Resources */,
				7615F27A1C7597EA00ACBD3E /* Embed Frameworks */,
			);
			buildRules = (
			);
			dependencies = (
				7615F2791C7597E900ACBD3E /* PBXTargetDependency */,
				7615F27E1C7597EF00ACBD3E /* PBXTargetDependency */,
				765B232E1C7FF94D0089FF48 /* PBXTargetDependency */,
			);
			name = doharmony;
			productName = doharmony;
			productReference = DFF4CBB01C6B0BD2008973D3 /* doharmony.app */;
			productType = "com.apple.product-type.application";
		};
		DFF4CBC31C6B0BD2008973D3 /* doharmonyTests */ = {
			isa = PBXNativeTarget;
			buildConfigurationList = DFF4CBDB1C6B0BD2008973D3 /* Build configuration list for PBXNativeTarget "doharmonyTests" */;
			buildPhases = (
				DFF4CBC01C6B0BD2008973D3 /* Sources */,
				DFF4CBC11C6B0BD2008973D3 /* Frameworks */,
				DFF4CBC21C6B0BD2008973D3 /* Resources */,
			);
			buildRules = (
			);
			dependencies = (
				DFF4CBC61C6B0BD2008973D3 /* PBXTargetDependency */,
			);
			name = doharmonyTests;
			productName = doharmonyTests;
			productReference = DFF4CBC41C6B0BD2008973D3 /* doharmonyTests.xctest */;
			productType = "com.apple.product-type.bundle.unit-test";
		};
		DFF4CBCE1C6B0BD2008973D3 /* doharmonyUITests */ = {
			isa = PBXNativeTarget;
			buildConfigurationList = DFF4CBDE1C6B0BD2008973D3 /* Build configuration list for PBXNativeTarget "doharmonyUITests" */;
			buildPhases = (
				DFF4CBCB1C6B0BD2008973D3 /* Sources */,
				DFF4CBCC1C6B0BD2008973D3 /* Frameworks */,
				DFF4CBCD1C6B0BD2008973D3 /* Resources */,
			);
			buildRules = (
			);
			dependencies = (
				DFF4CBD11C6B0BD2008973D3 /* PBXTargetDependency */,
			);
			name = doharmonyUITests;
			productName = doharmonyUITests;
			productReference = DFF4CBCF1C6B0BD2008973D3 /* doharmonyUITests.xctest */;
			productType = "com.apple.product-type.bundle.ui-testing";
		};
/* End PBXNativeTarget section */

/* Begin PBXProject section */
		DFF4CBA81C6B0BD2008973D3 /* Project object */ = {
			isa = PBXProject;
			attributes = {
				LastSwiftUpdateCheck = 0720;
				LastUpgradeCheck = 0720;
				ORGANIZATIONNAME = "Eleazer Toluan";
				TargetAttributes = {
					DFF4CBAF1C6B0BD2008973D3 = {
						CreatedOnToolsVersion = 7.2;
						DevelopmentTeam = 3L7S37R5K7;
					};
					DFF4CBC31C6B0BD2008973D3 = {
						CreatedOnToolsVersion = 7.2;
						DevelopmentTeam = MY7PN5V7K8;
						TestTargetID = DFF4CBAF1C6B0BD2008973D3;
					};
					DFF4CBCE1C6B0BD2008973D3 = {
						CreatedOnToolsVersion = 7.2;
						DevelopmentTeam = MY7PN5V7K8;
						TestTargetID = DFF4CBAF1C6B0BD2008973D3;
					};
				};
			};
			buildConfigurationList = DFF4CBAB1C6B0BD2008973D3 /* Build configuration list for PBXProject "doharmony" */;
			compatibilityVersion = "Xcode 3.2";
			developmentRegion = English;
			hasScannedForEncodings = 0;
			knownRegions = (
				en,
				Base,
				ar,
				ca,
				cs,
				da,
				de,
				el,
				"es-MX",
				es,
				fi,
				fr,
				he,
				hr,
				hu,
				id,
				it,
				ja,
				ko,
				ms,
				nb,
				nl,
				pl,
				"pt-BR",
				"pt-PT",
				ro,
				ru,
				sk,
				sv,
				th,
				tr,
				uk,
				vi,
				"zh-Hans",
				"zh-Hant",
			);
			mainGroup = DFF4CBA71C6B0BD2008973D3;
			productRefGroup = DFF4CBB11C6B0BD2008973D3 /* Products */;
			projectDirPath = "";
			projectReferences = (
				{
					ProductGroup = 7615F2451C75972800ACBD3E /* Products */;
					ProjectRef = 7615F2441C75972800ACBD3E /* Alamofire.xcodeproj */;
				},
				{
					ProductGroup = 765B23231C7FF8AD0089FF48 /* Products */;
					ProjectRef = 765B23221C7FF8AD0089FF48 /* Localize_Swift.xcodeproj */;
				},
				{
					ProductGroup = 7615F25D1C75973400ACBD3E /* Products */;
					ProjectRef = 7615F25C1C75973400ACBD3E /* SwiftyJSON.xcodeproj */;
				},
			);
			projectRoot = "";
			targets = (
				DFF4CBAF1C6B0BD2008973D3 /* doharmony */,
				DFF4CBC31C6B0BD2008973D3 /* doharmonyTests */,
				DFF4CBCE1C6B0BD2008973D3 /* doharmonyUITests */,
			);
		};
/* End PBXProject section */

/* Begin PBXReferenceProxy section */
		7615F24F1C75972800ACBD3E /* Alamofire.framework */ = {
			isa = PBXReferenceProxy;
			fileType = wrapper.framework;
			path = Alamofire.framework;
			remoteRef = 7615F24E1C75972800ACBD3E /* PBXContainerItemProxy */;
			sourceTree = BUILT_PRODUCTS_DIR;
		};
		7615F2511C75972800ACBD3E /* Alamofire iOS Tests.xctest */ = {
			isa = PBXReferenceProxy;
			fileType = wrapper.cfbundle;
			path = "Alamofire iOS Tests.xctest";
			remoteRef = 7615F2501C75972800ACBD3E /* PBXContainerItemProxy */;
			sourceTree = BUILT_PRODUCTS_DIR;
		};
		7615F2531C75972800ACBD3E /* Alamofire.framework */ = {
			isa = PBXReferenceProxy;
			fileType = wrapper.framework;
			path = Alamofire.framework;
			remoteRef = 7615F2521C75972800ACBD3E /* PBXContainerItemProxy */;
			sourceTree = BUILT_PRODUCTS_DIR;
		};
		7615F2551C75972800ACBD3E /* Alamofire OSX Tests.xctest */ = {
			isa = PBXReferenceProxy;
			fileType = wrapper.cfbundle;
			path = "Alamofire OSX Tests.xctest";
			remoteRef = 7615F2541C75972800ACBD3E /* PBXContainerItemProxy */;
			sourceTree = BUILT_PRODUCTS_DIR;
		};
		7615F2571C75972800ACBD3E /* Alamofire.framework */ = {
			isa = PBXReferenceProxy;
			fileType = wrapper.framework;
			path = Alamofire.framework;
			remoteRef = 7615F2561C75972800ACBD3E /* PBXContainerItemProxy */;
			sourceTree = BUILT_PRODUCTS_DIR;
		};
		7615F2591C75972800ACBD3E /* Alamofire tvOS Tests.xctest */ = {
			isa = PBXReferenceProxy;
			fileType = wrapper.cfbundle;
			path = "Alamofire tvOS Tests.xctest";
			remoteRef = 7615F2581C75972800ACBD3E /* PBXContainerItemProxy */;
			sourceTree = BUILT_PRODUCTS_DIR;
		};
		7615F25B1C75972800ACBD3E /* Alamofire.framework */ = {
			isa = PBXReferenceProxy;
			fileType = wrapper.framework;
			path = Alamofire.framework;
			remoteRef = 7615F25A1C75972800ACBD3E /* PBXContainerItemProxy */;
			sourceTree = BUILT_PRODUCTS_DIR;
		};
		7615F2671C75973400ACBD3E /* SwiftyJSON.framework */ = {
			isa = PBXReferenceProxy;
			fileType = wrapper.framework;
			path = SwiftyJSON.framework;
			remoteRef = 7615F2661C75973400ACBD3E /* PBXContainerItemProxy */;
			sourceTree = BUILT_PRODUCTS_DIR;
		};
		7615F2691C75973400ACBD3E /* SwiftyJSON iOS Tests.xctest */ = {
			isa = PBXReferenceProxy;
			fileType = wrapper.cfbundle;
			path = "SwiftyJSON iOS Tests.xctest";
			remoteRef = 7615F2681C75973400ACBD3E /* PBXContainerItemProxy */;
			sourceTree = BUILT_PRODUCTS_DIR;
		};
		7615F26B1C75973400ACBD3E /* SwiftyJSON.framework */ = {
			isa = PBXReferenceProxy;
			fileType = wrapper.framework;
			path = SwiftyJSON.framework;
			remoteRef = 7615F26A1C75973400ACBD3E /* PBXContainerItemProxy */;
			sourceTree = BUILT_PRODUCTS_DIR;
		};
		7615F26D1C75973400ACBD3E /* SwiftyJSON OSX Tests.xctest */ = {
			isa = PBXReferenceProxy;
			fileType = wrapper.cfbundle;
			path = "SwiftyJSON OSX Tests.xctest";
			remoteRef = 7615F26C1C75973400ACBD3E /* PBXContainerItemProxy */;
			sourceTree = BUILT_PRODUCTS_DIR;
		};
		7615F26F1C75973400ACBD3E /* SwiftyJSON.framework */ = {
			isa = PBXReferenceProxy;
			fileType = wrapper.framework;
			path = SwiftyJSON.framework;
			remoteRef = 7615F26E1C75973400ACBD3E /* PBXContainerItemProxy */;
			sourceTree = BUILT_PRODUCTS_DIR;
		};
		7615F2711C75973400ACBD3E /* SwiftyJSON.framework */ = {
			isa = PBXReferenceProxy;
			fileType = wrapper.framework;
			path = SwiftyJSON.framework;
			remoteRef = 7615F2701C75973400ACBD3E /* PBXContainerItemProxy */;
			sourceTree = BUILT_PRODUCTS_DIR;
		};
		7615F2731C75973400ACBD3E /* SwiftyJSON tvOS Tests.xctest */ = {
			isa = PBXReferenceProxy;
			fileType = wrapper.cfbundle;
			path = "SwiftyJSON tvOS Tests.xctest";
			remoteRef = 7615F2721C75973400ACBD3E /* PBXContainerItemProxy */;
			sourceTree = BUILT_PRODUCTS_DIR;
		};
		765B23281C7FF8AD0089FF48 /* Localize_Swift.framework */ = {
			isa = PBXReferenceProxy;
			fileType = wrapper.framework;
			path = Localize_Swift.framework;
			remoteRef = 765B23271C7FF8AD0089FF48 /* PBXContainerItemProxy */;
			sourceTree = BUILT_PRODUCTS_DIR;
		};
		765B232A1C7FF8AD0089FF48 /* Localize_SwiftTests.xctest */ = {
			isa = PBXReferenceProxy;
			fileType = wrapper.cfbundle;
			path = Localize_SwiftTests.xctest;
			remoteRef = 765B23291C7FF8AD0089FF48 /* PBXContainerItemProxy */;
			sourceTree = BUILT_PRODUCTS_DIR;
		};
/* End PBXReferenceProxy section */

/* Begin PBXResourcesBuildPhase section */
		DFF4CBAE1C6B0BD2008973D3 /* Resources */ = {
			isa = PBXResourcesBuildPhase;
			buildActionMask = 2147483647;
			files = (
				FBA7EBF01C87D079007AC17A /* tsak.wav in Resources */,
				F64802221C75AFEE00F6F083 /* TrackDetailsViewController.xib in Resources */,
				76BF5E6A1C87D65200F5C1C3 /* PopularViewController.xib in Resources */,
				F64802201C75AFEE00F6F083 /* PostsTableViewCell.xib in Resources */,
				DF6B70611C7AE33900B655B6 /* UserDetailsViewController.xib in Resources */,
				76BF5E601C87D50100F5C1C3 /* RecentTableViewCell.xib in Resources */,
				DF526F621C6D73D1009971FF /* LibrariesTableViewCell.xib in Resources */,
				765B23001C7FF2FC0089FF48 /* Localizable.strings in Resources */,
				F6CC205D1C76DAE50033CF70 /* PlayTrackViewController.xib in Resources */,
				DF6B705C1C7ADF2200B655B6 /* FollowingsTableViewCell.xib in Resources */,
				DF526F5E1C6D5EB6009971FF /* MyFriendsTableViewCell.xib in Resources */,
				F64802241C75AFEE00F6F083 /* CommentTableViewCell.xib in Resources */,
				FB4125081C86ADB4007EC0D5 /* ImportViewController.xib in Resources */,
				DF526F741C6D9EBC009971FF /* AllMembersTableViewController.xib in Resources */,
				DFF4CBBE1C6B0BD2008973D3 /* LaunchScreen.storyboard in Resources */,
				DF101C041C6C46D10006B4D3 /* MyProfileViewController.xib in Resources */,
				FBA7EBF11C87D079007AC17A /* tsik.wav in Resources */,
				DF6B70651C7AEA0400B655B6 /* UserTracksTableViewCell.xib in Resources */,
				DF101BE71C6C18C00006B4D3 /* LibrariesTableViewController.xib in Resources */,
				DF6B70581C7ADD9D00B655B6 /* FollowingsTableViewController.xib in Resources */,
				76BF5E6E1C87D66A00F5C1C3 /* BestViewController.xib in Resources */,
				DFF4CBBB1C6B0BD2008973D3 /* Assets.xcassets in Resources */,
				DF526F781C6D9FBB009971FF /* AllMembersTableViewCell.xib in Resources */,
				DF101BF21C6C197F0006B4D3 /* PopularBestTableViewController.xib in Resources */,
				76BF5E661C87D63000F5C1C3 /* RecentViewController.xib in Resources */,
				F6B5FB941C769E6C001B8868 /* LoginViewController.xib in Resources */,
				DF101BEC1C6C19080006B4D3 /* ProjectsTableViewController.xib in Resources */,
				DF526F581C6D5E63009971FF /* MyFriendsTableViewController.xib in Resources */,
				DFF4CBB91C6B0BD2008973D3 /* Main.storyboard in Resources */,
				F6B5FB991C76B20D001B8868 /* SignUpViewController.xib in Resources */,
				DF101BD91C6C14310006B4D3 /* LocalTableViewCell.xib in Resources */,
				DF069ABB1C7D3F1B0004702F /* LocalViewController.xib in Resources */,
				DF4CBD631C7AD37100C3EE36 /* TemplateViewController.xib in Resources */,
				F648021E1C75AFEE00F6F083 /* PostsTableViewController.xib in Resources */,
				FBA1A9F51C86A4F6005A8F0B /* RecordingViewController.xib in Resources */,
			);
			runOnlyForDeploymentPostprocessing = 0;
		};
		DFF4CBC21C6B0BD2008973D3 /* Resources */ = {
			isa = PBXResourcesBuildPhase;
			buildActionMask = 2147483647;
			files = (
			);
			runOnlyForDeploymentPostprocessing = 0;
		};
		DFF4CBCD1C6B0BD2008973D3 /* Resources */ = {
			isa = PBXResourcesBuildPhase;
			buildActionMask = 2147483647;
			files = (
			);
			runOnlyForDeploymentPostprocessing = 0;
		};
/* End PBXResourcesBuildPhase section */

/* Begin PBXSourcesBuildPhase section */
		DFF4CBAC1C6B0BD2008973D3 /* Sources */ = {
			isa = PBXSourcesBuildPhase;
			buildActionMask = 2147483647;
			files = (
				7615F2871C75A26700ACBD3E /* doharmony.xcdatamodeld in Sources */,
				DF526F731C6D9EBC009971FF /* AllMembersTableViewController.swift in Sources */,
				765071C81C7D511700798B76 /* test.swift in Sources */,
				DF526F771C6D9FBB009971FF /* AllMembersTableViewCell.swift in Sources */,
				FBA1A9F61C86A4F6005A8F0B /* RecordingViewController.swift in Sources */,
				DFF4CBB61C6B0BD2008973D3 /* HomeViewController.swift in Sources */,
				FBA1A9F11C86A417005A8F0B /* CameraRoll.swift in Sources */,
				DFF4CC021C6B1BCA008973D3 /* TabBarController.swift in Sources */,
				DF101BEB1C6C19080006B4D3 /* ProjectsTableViewController.swift in Sources */,
				DF101BD81C6C14310006B4D3 /* LocalTableViewCell.swift in Sources */,
				76DD6D391C7C2BF300CB5694 /* auth.swift in Sources */,
				DF526F5D1C6D5EB6009971FF /* MyFriendsTableViewCell.swift in Sources */,
				DF6B70571C7ADD9D00B655B6 /* FollowingsTableViewController.swift in Sources */,
				DF101BF11C6C197F0006B4D3 /* PopularBestTableViewController.swift in Sources */,
				DFF4CBB41C6B0BD2008973D3 /* AppDelegate.swift in Sources */,
				76BF5E651C87D63000F5C1C3 /* RecentViewController.swift in Sources */,
				76BF5E5F1C87D50100F5C1C3 /* RecentTableViewCell.swift in Sources */,
				DFF4CBED1C6B0CF2008973D3 /* CAPSPageMenu.swift in Sources */,
				DF4CBD621C7AD37100C3EE36 /* TemplateViewController.swift in Sources */,
				765B22FB1C7FF1810089FF48 /* config.swift in Sources */,
				FBA7EBE01C87C0C8007AC17A /* LocalRecordings.swift in Sources */,
				FBA1A9F01C86A417005A8F0B /* Merge.swift in Sources */,
				F648021F1C75AFEE00F6F083 /* PostsTableViewCell.swift in Sources */,
				76BF5E6D1C87D66A00F5C1C3 /* BestViewController.swift in Sources */,
				F64802211C75AFEE00F6F083 /* TrackDetailsViewController.swift in Sources */,
				DF16A0B11C754C84006E4019 /* RecordViewController.swift in Sources */,
				DF069ABA1C7D3F1B0004702F /* LocalViewController.swift in Sources */,
				F648021D1C75AFEE00F6F083 /* PostsTableViewController.swift in Sources */,
				DF6B705B1C7ADF2200B655B6 /* FollowingsTableViewCell.swift in Sources */,
				F64802231C75AFEE00F6F083 /* CommentTableViewCell.swift in Sources */,
				F6CC205C1C76DAE50033CF70 /* PlayTrackViewController.swift in Sources */,
				DF6B70601C7AE33900B655B6 /* UserDetailsViewController.swift in Sources */,
				DFF4CBFE1C6B1A47008973D3 /* FriendsViewController.swift in Sources */,
				76BF5E691C87D65200F5C1C3 /* PopularViewController.swift in Sources */,
				DF526F571C6D5E63009971FF /* MyFriendsTableViewController.swift in Sources */,
				DF6B70641C7AEA0400B655B6 /* UserTracksTableViewCell.swift in Sources */,
				DF526F611C6D73D1009971FF /* LibrariesTableViewCell.swift in Sources */,
				FBA1A9ED1C86A417005A8F0B /* Timer.swift in Sources */,
				FBA1A9EC1C86A417005A8F0B /* Template.swift in Sources */,
				FBA1A9F21C86A417005A8F0B /* RecordingData.swift in Sources */,
				DFF4CBFC1C6B1988008973D3 /* ProfileViewController.swift in Sources */,
				DF101C031C6C46D10006B4D3 /* MyProfileViewController.swift in Sources */,
				FB4125071C86ADB4007EC0D5 /* ImportViewController.swift in Sources */,
				DF101BE61C6C18C00006B4D3 /* LibrariesTableViewController.swift in Sources */,
				FBA1A9EE1C86A417005A8F0B /* Capture.swift in Sources */,
				F6B5FB981C76B20D001B8868 /* SignUpViewController.swift in Sources */,
				F6B5FB931C769E6C001B8868 /* LoginViewController.swift in Sources */,
				76BF5E621C87D5FF00F5C1C3 /* tracks.swift in Sources */,
				FBA1A9EF1C86A417005A8F0B /* Crop.swift in Sources */,
			);
			runOnlyForDeploymentPostprocessing = 0;
		};
		DFF4CBC01C6B0BD2008973D3 /* Sources */ = {
			isa = PBXSourcesBuildPhase;
			buildActionMask = 2147483647;
			files = (
				DFF4CBC91C6B0BD2008973D3 /* doharmonyTests.swift in Sources */,
			);
			runOnlyForDeploymentPostprocessing = 0;
		};
		DFF4CBCB1C6B0BD2008973D3 /* Sources */ = {
			isa = PBXSourcesBuildPhase;
			buildActionMask = 2147483647;
			files = (
				DFF4CBD41C6B0BD2008973D3 /* doharmonyUITests.swift in Sources */,
			);
			runOnlyForDeploymentPostprocessing = 0;
		};
/* End PBXSourcesBuildPhase section */

/* Begin PBXTargetDependency section */
		7615F2791C7597E900ACBD3E /* PBXTargetDependency */ = {
			isa = PBXTargetDependency;
			name = "SwiftyJSON iOS";
			targetProxy = 7615F2781C7597E900ACBD3E /* PBXContainerItemProxy */;
		};
		7615F27E1C7597EF00ACBD3E /* PBXTargetDependency */ = {
			isa = PBXTargetDependency;
			name = "Alamofire iOS";
			targetProxy = 7615F27D1C7597EF00ACBD3E /* PBXContainerItemProxy */;
		};
		765B232E1C7FF94D0089FF48 /* PBXTargetDependency */ = {
			isa = PBXTargetDependency;
			name = Localize_Swift;
			targetProxy = 765B232D1C7FF94D0089FF48 /* PBXContainerItemProxy */;
		};
		DFF4CBC61C6B0BD2008973D3 /* PBXTargetDependency */ = {
			isa = PBXTargetDependency;
			target = DFF4CBAF1C6B0BD2008973D3 /* doharmony */;
			targetProxy = DFF4CBC51C6B0BD2008973D3 /* PBXContainerItemProxy */;
		};
		DFF4CBD11C6B0BD2008973D3 /* PBXTargetDependency */ = {
			isa = PBXTargetDependency;
			target = DFF4CBAF1C6B0BD2008973D3 /* doharmony */;
			targetProxy = DFF4CBD01C6B0BD2008973D3 /* PBXContainerItemProxy */;
		};
/* End PBXTargetDependency section */

/* Begin PBXVariantGroup section */
		765B22FE1C7FF2FC0089FF48 /* Localizable.strings */ = {
			isa = PBXVariantGroup;
			children = (
				765B22FF1C7FF2FC0089FF48 /* en */,
				765B23011C7FF3110089FF48 /* ar */,
				765B23021C7FF3310089FF48 /* ca */,
				765B23031C7FF34D0089FF48 /* cs */,
				765B23041C7FF3660089FF48 /* da */,
				765B23051C7FF3840089FF48 /* de */,
				765B23061C7FF3AD0089FF48 /* el */,
				765B23071C7FF3C30089FF48 /* es-MX */,
				765B23081C7FF3D10089FF48 /* es */,
				765B23091C7FF3DD0089FF48 /* fi */,
				765B230A1C7FF3E90089FF48 /* fr */,
				765B230B1C7FF3F90089FF48 /* he */,
				765B230C1C7FF4030089FF48 /* hr */,
				765B230D1C7FF4120089FF48 /* hu */,
				765B230E1C7FF41B0089FF48 /* id */,
				765B230F1C7FF42A0089FF48 /* it */,
				765B23101C7FF43A0089FF48 /* ja */,
				765B23111C7FF4440089FF48 /* ko */,
				765B23121C7FF4500089FF48 /* ms */,
				765B23131C7FF45E0089FF48 /* nb */,
				765B23141C7FF46D0089FF48 /* nl */,
				765B23151C7FF4800089FF48 /* pl */,
				765B23161C7FF48B0089FF48 /* pt-BR */,
				765B23171C7FF4970089FF48 /* pt-PT */,
				765B23181C7FF4A60089FF48 /* ro */,
				765B23191C7FF4B30089FF48 /* ru */,
				765B231A1C7FF4C20089FF48 /* sk */,
				765B231B1C7FF4D50089FF48 /* sv */,
				765B231C1C7FF4DD0089FF48 /* th */,
				765B231D1C7FF4F80089FF48 /* tr */,
				765B231E1C7FF50A0089FF48 /* uk */,
				765B231F1C7FF5130089FF48 /* vi */,
				765B23201C7FF51C0089FF48 /* zh-Hans */,
				765B23211C7FF5320089FF48 /* zh-Hant */,
			);
			name = Localizable.strings;
			sourceTree = "<group>";
		};
		DFF4CBB71C6B0BD2008973D3 /* Main.storyboard */ = {
			isa = PBXVariantGroup;
			children = (
				DFF4CBB81C6B0BD2008973D3 /* Base */,
			);
			name = Main.storyboard;
			sourceTree = "<group>";
		};
		DFF4CBBC1C6B0BD2008973D3 /* LaunchScreen.storyboard */ = {
			isa = PBXVariantGroup;
			children = (
				DFF4CBBD1C6B0BD2008973D3 /* Base */,
			);
			name = LaunchScreen.storyboard;
			sourceTree = "<group>";
		};
/* End PBXVariantGroup section */

/* Begin XCBuildConfiguration section */
		DFF4CBD61C6B0BD2008973D3 /* Debug */ = {
			isa = XCBuildConfiguration;
			buildSettings = {
				ALWAYS_SEARCH_USER_PATHS = NO;
				CLANG_CXX_LANGUAGE_STANDARD = "gnu++0x";
				CLANG_CXX_LIBRARY = "libc++";
				CLANG_ENABLE_MODULES = YES;
				CLANG_ENABLE_OBJC_ARC = YES;
				CLANG_WARN_BOOL_CONVERSION = YES;
				CLANG_WARN_CONSTANT_CONVERSION = YES;
				CLANG_WARN_DIRECT_OBJC_ISA_USAGE = YES_ERROR;
				CLANG_WARN_EMPTY_BODY = YES;
				CLANG_WARN_ENUM_CONVERSION = YES;
				CLANG_WARN_INT_CONVERSION = YES;
				CLANG_WARN_OBJC_ROOT_CLASS = YES_ERROR;
				CLANG_WARN_UNREACHABLE_CODE = YES;
				CLANG_WARN__DUPLICATE_METHOD_MATCH = YES;
				"CODE_SIGN_IDENTITY[sdk=iphoneos*]" = "iPhone Developer";
				COPY_PHASE_STRIP = NO;
				DEBUG_INFORMATION_FORMAT = dwarf;
				ENABLE_STRICT_OBJC_MSGSEND = YES;
				ENABLE_TESTABILITY = YES;
				GCC_C_LANGUAGE_STANDARD = gnu99;
				GCC_DYNAMIC_NO_PIC = NO;
				GCC_NO_COMMON_BLOCKS = YES;
				GCC_OPTIMIZATION_LEVEL = 0;
				GCC_PREPROCESSOR_DEFINITIONS = (
					"DEBUG=1",
					"$(inherited)",
				);
				GCC_WARN_64_TO_32_BIT_CONVERSION = YES;
				GCC_WARN_ABOUT_RETURN_TYPE = YES_ERROR;
				GCC_WARN_UNDECLARED_SELECTOR = YES;
				GCC_WARN_UNINITIALIZED_AUTOS = YES_AGGRESSIVE;
				GCC_WARN_UNUSED_FUNCTION = YES;
				GCC_WARN_UNUSED_VARIABLE = YES;
				IPHONEOS_DEPLOYMENT_TARGET = 9.2;
				MTL_ENABLE_DEBUG_INFO = YES;
				ONLY_ACTIVE_ARCH = YES;
				SDKROOT = iphoneos;
				SWIFT_OPTIMIZATION_LEVEL = "-Onone";
				TARGETED_DEVICE_FAMILY = "1,2";
			};
			name = Debug;
		};
		DFF4CBD71C6B0BD2008973D3 /* Release */ = {
			isa = XCBuildConfiguration;
			buildSettings = {
				ALWAYS_SEARCH_USER_PATHS = NO;
				CLANG_CXX_LANGUAGE_STANDARD = "gnu++0x";
				CLANG_CXX_LIBRARY = "libc++";
				CLANG_ENABLE_MODULES = YES;
				CLANG_ENABLE_OBJC_ARC = YES;
				CLANG_WARN_BOOL_CONVERSION = YES;
				CLANG_WARN_CONSTANT_CONVERSION = YES;
				CLANG_WARN_DIRECT_OBJC_ISA_USAGE = YES_ERROR;
				CLANG_WARN_EMPTY_BODY = YES;
				CLANG_WARN_ENUM_CONVERSION = YES;
				CLANG_WARN_INT_CONVERSION = YES;
				CLANG_WARN_OBJC_ROOT_CLASS = YES_ERROR;
				CLANG_WARN_UNREACHABLE_CODE = YES;
				CLANG_WARN__DUPLICATE_METHOD_MATCH = YES;
				"CODE_SIGN_IDENTITY[sdk=iphoneos*]" = "iPhone Developer";
				COPY_PHASE_STRIP = NO;
				DEBUG_INFORMATION_FORMAT = "dwarf-with-dsym";
				ENABLE_NS_ASSERTIONS = NO;
				ENABLE_STRICT_OBJC_MSGSEND = YES;
				GCC_C_LANGUAGE_STANDARD = gnu99;
				GCC_NO_COMMON_BLOCKS = YES;
				GCC_WARN_64_TO_32_BIT_CONVERSION = YES;
				GCC_WARN_ABOUT_RETURN_TYPE = YES_ERROR;
				GCC_WARN_UNDECLARED_SELECTOR = YES;
				GCC_WARN_UNINITIALIZED_AUTOS = YES_AGGRESSIVE;
				GCC_WARN_UNUSED_FUNCTION = YES;
				GCC_WARN_UNUSED_VARIABLE = YES;
				IPHONEOS_DEPLOYMENT_TARGET = 9.2;
				MTL_ENABLE_DEBUG_INFO = NO;
				SDKROOT = iphoneos;
				TARGETED_DEVICE_FAMILY = "1,2";
				VALIDATE_PRODUCT = YES;
			};
			name = Release;
		};
		DFF4CBD91C6B0BD2008973D3 /* Debug */ = {
			isa = XCBuildConfiguration;
			buildSettings = {
				ASSETCATALOG_COMPILER_APPICON_NAME = AppIcon;
				CODE_SIGN_IDENTITY = "iPhone Developer";
				"CODE_SIGN_IDENTITY[sdk=iphoneos*]" = "iPhone Developer";
				EMBEDDED_CONTENT_CONTAINS_SWIFT = YES;
				INFOPLIST_FILE = doharmony/Info.plist;
				IPHONEOS_DEPLOYMENT_TARGET = 8.1;
				LD_RUNPATH_SEARCH_PATHS = "$(inherited) @executable_path/Frameworks";
				PRODUCT_BUNDLE_IDENTIFIER = tingkersoft.dh2;
				PRODUCT_NAME = "$(TARGET_NAME)";
				PROVISIONING_PROFILE = "";
			};
			name = Debug;
		};
		DFF4CBDA1C6B0BD2008973D3 /* Release */ = {
			isa = XCBuildConfiguration;
			buildSettings = {
				ASSETCATALOG_COMPILER_APPICON_NAME = AppIcon;
				CODE_SIGN_IDENTITY = "iPhone Developer";
				"CODE_SIGN_IDENTITY[sdk=iphoneos*]" = "iPhone Developer";
				EMBEDDED_CONTENT_CONTAINS_SWIFT = YES;
				INFOPLIST_FILE = doharmony/Info.plist;
				IPHONEOS_DEPLOYMENT_TARGET = 8.1;
				LD_RUNPATH_SEARCH_PATHS = "$(inherited) @executable_path/Frameworks";
				PRODUCT_BUNDLE_IDENTIFIER = tingkersoft.dh2;
				PRODUCT_NAME = "$(TARGET_NAME)";
				PROVISIONING_PROFILE = "";
			};
			name = Release;
		};
		DFF4CBDC1C6B0BD2008973D3 /* Debug */ = {
			isa = XCBuildConfiguration;
			buildSettings = {
				BUNDLE_LOADER = "$(TEST_HOST)";
				INFOPLIST_FILE = doharmonyTests/Info.plist;
				LD_RUNPATH_SEARCH_PATHS = "$(inherited) @executable_path/Frameworks @loader_path/Frameworks";
				PRODUCT_BUNDLE_IDENTIFIER = tingkersoft.doharmonyTests;
				PRODUCT_NAME = "$(TARGET_NAME)";
				TEST_HOST = "$(BUILT_PRODUCTS_DIR)/doharmony.app/doharmony";
			};
			name = Debug;
		};
		DFF4CBDD1C6B0BD2008973D3 /* Release */ = {
			isa = XCBuildConfiguration;
			buildSettings = {
				BUNDLE_LOADER = "$(TEST_HOST)";
				INFOPLIST_FILE = doharmonyTests/Info.plist;
				LD_RUNPATH_SEARCH_PATHS = "$(inherited) @executable_path/Frameworks @loader_path/Frameworks";
				PRODUCT_BUNDLE_IDENTIFIER = tingkersoft.doharmonyTests;
				PRODUCT_NAME = "$(TARGET_NAME)";
				TEST_HOST = "$(BUILT_PRODUCTS_DIR)/doharmony.app/doharmony";
			};
			name = Release;
		};
		DFF4CBDF1C6B0BD2008973D3 /* Debug */ = {
			isa = XCBuildConfiguration;
			buildSettings = {
				INFOPLIST_FILE = doharmonyUITests/Info.plist;
				LD_RUNPATH_SEARCH_PATHS = "$(inherited) @executable_path/Frameworks @loader_path/Frameworks";
				PRODUCT_BUNDLE_IDENTIFIER = tingkersoft.doharmonyUITests;
				PRODUCT_NAME = "$(TARGET_NAME)";
				TEST_TARGET_NAME = doharmony;
				USES_XCTRUNNER = YES;
			};
			name = Debug;
		};
		DFF4CBE01C6B0BD2008973D3 /* Release */ = {
			isa = XCBuildConfiguration;
			buildSettings = {
				INFOPLIST_FILE = doharmonyUITests/Info.plist;
				LD_RUNPATH_SEARCH_PATHS = "$(inherited) @executable_path/Frameworks @loader_path/Frameworks";
				PRODUCT_BUNDLE_IDENTIFIER = tingkersoft.doharmonyUITests;
				PRODUCT_NAME = "$(TARGET_NAME)";
				TEST_TARGET_NAME = doharmony;
				USES_XCTRUNNER = YES;
			};
			name = Release;
		};
/* End XCBuildConfiguration section */

/* Begin XCConfigurationList section */
		DFF4CBAB1C6B0BD2008973D3 /* Build configuration list for PBXProject "doharmony" */ = {
			isa = XCConfigurationList;
			buildConfigurations = (
				DFF4CBD61C6B0BD2008973D3 /* Debug */,
				DFF4CBD71C6B0BD2008973D3 /* Release */,
			);
			defaultConfigurationIsVisible = 0;
			defaultConfigurationName = Release;
		};
		DFF4CBD81C6B0BD2008973D3 /* Build configuration list for PBXNativeTarget "doharmony" */ = {
			isa = XCConfigurationList;
			buildConfigurations = (
				DFF4CBD91C6B0BD2008973D3 /* Debug */,
				DFF4CBDA1C6B0BD2008973D3 /* Release */,
			);
			defaultConfigurationIsVisible = 0;
			defaultConfigurationName = Release;
		};
		DFF4CBDB1C6B0BD2008973D3 /* Build configuration list for PBXNativeTarget "doharmonyTests" */ = {
			isa = XCConfigurationList;
			buildConfigurations = (
				DFF4CBDC1C6B0BD2008973D3 /* Debug */,
				DFF4CBDD1C6B0BD2008973D3 /* Release */,
			);
			defaultConfigurationIsVisible = 0;
			defaultConfigurationName = Release;
		};
		DFF4CBDE1C6B0BD2008973D3 /* Build configuration list for PBXNativeTarget "doharmonyUITests" */ = {
			isa = XCConfigurationList;
			buildConfigurations = (
				DFF4CBDF1C6B0BD2008973D3 /* Debug */,
				DFF4CBE01C6B0BD2008973D3 /* Release */,
			);
			defaultConfigurationIsVisible = 0;
			defaultConfigurationName = Release;
		};
/* End XCConfigurationList section */

/* Begin XCVersionGroup section */
		7615F2851C75A26700ACBD3E /* doharmony.xcdatamodeld */ = {
			isa = XCVersionGroup;
			children = (
				7615F2861C75A26700ACBD3E /* doharmony.xcdatamodel */,
			);
			currentVersion = 7615F2861C75A26700ACBD3E /* doharmony.xcdatamodel */;
			path = doharmony.xcdatamodeld;
			sourceTree = "<group>";
			versionGroupType = wrapper.xcdatamodel;
		};
/* End XCVersionGroup section */
	};
	rootObject = DFF4CBA81C6B0BD2008973D3 /* Project object */;
}
